// !$*UTF8*$!
{
	archiveVersion = 1;
	classes = {
	};
	objectVersion = 46;
	objects = {

/* Begin PBXBuildFile section */
		1E1F533F191E890100E02BDE /* Foundation.framework in Frameworks */ = {isa = PBXBuildFile; fileRef = 1E1F533E191E890100E02BDE /* Foundation.framework */; };
		1E1F5341191E890100E02BDE /* CoreGraphics.framework in Frameworks */ = {isa = PBXBuildFile; fileRef = 1E1F5340191E890100E02BDE /* CoreGraphics.framework */; };
		1E1F5343191E890100E02BDE /* UIKit.framework in Frameworks */ = {isa = PBXBuildFile; fileRef = 1E1F5342191E890100E02BDE /* UIKit.framework */; };
		1E1F5349191E890100E02BDE /* InfoPlist.strings in Resources */ = {isa = PBXBuildFile; fileRef = 1E1F5347191E890100E02BDE /* InfoPlist.strings */; };
		1E1F534B191E890100E02BDE /* main.m in Sources */ = {isa = PBXBuildFile; fileRef = 1E1F534A191E890100E02BDE /* main.m */; };
		1E1F534F191E890100E02BDE /* TTSAppDelegate.m in Sources */ = {isa = PBXBuildFile; fileRef = 1E1F534E191E890100E02BDE /* TTSAppDelegate.m */; };
		1E1F5352191E890100E02BDE /* Main_iPhone.storyboard in Resources */ = {isa = PBXBuildFile; fileRef = 1E1F5350191E890100E02BDE /* Main_iPhone.storyboard */; };
		1E1F5355191E890100E02BDE /* Main_iPad.storyboard in Resources */ = {isa = PBXBuildFile; fileRef = 1E1F5353191E890100E02BDE /* Main_iPad.storyboard */; };
		1E1F5358191E890100E02BDE /* TTSViewController.m in Sources */ = {isa = PBXBuildFile; fileRef = 1E1F5357191E890100E02BDE /* TTSViewController.m */; };
		1E1F535A191E890100E02BDE /* Images.xcassets in Resources */ = {isa = PBXBuildFile; fileRef = 1E1F5359191E890100E02BDE /* Images.xcassets */; };
		1E1F5361191E890100E02BDE /* XCTest.framework in Frameworks */ = {isa = PBXBuildFile; fileRef = 1E1F5360191E890100E02BDE /* XCTest.framework */; };
		1E1F5362191E890100E02BDE /* Foundation.framework in Frameworks */ = {isa = PBXBuildFile; fileRef = 1E1F533E191E890100E02BDE /* Foundation.framework */; };
		1E1F5363191E890100E02BDE /* UIKit.framework in Frameworks */ = {isa = PBXBuildFile; fileRef = 1E1F5342191E890100E02BDE /* UIKit.framework */; };
		1E1F536B191E890100E02BDE /* InfoPlist.strings in Resources */ = {isa = PBXBuildFile; fileRef = 1E1F5369191E890100E02BDE /* InfoPlist.strings */; };
		1E1F536D191E890100E02BDE /* TextToSpeechTests.m in Sources */ = {isa = PBXBuildFile; fileRef = 1E1F536C191E890100E02BDE /* TextToSpeechTests.m */; };
		1E72685F191E9A3300F486A9 /* launch_1136x640.png in Resources */ = {isa = PBXBuildFile; fileRef = 1E72685E191E9A3300F486A9 /* launch_1136x640.png */; };
		1E726863191E9AB300F486A9 /* launch_1024x768@2x.png in Resources */ = {isa = PBXBuildFile; fileRef = 1E726862191E9AB300F486A9 /* launch_1024x768@2x.png */; };
/* End PBXBuildFile section */

/* Begin PBXContainerItemProxy section */
		1E1F5364191E890100E02BDE /* PBXContainerItemProxy */ = {
			isa = PBXContainerItemProxy;
			containerPortal = 1E1F5333191E890100E02BDE /* Project object */;
			proxyType = 1;
			remoteGlobalIDString = 1E1F533A191E890100E02BDE;
			remoteInfo = TextToSpeech;
		};
/* End PBXContainerItemProxy section */

/* Begin PBXFileReference section */
		1E1F533B191E890100E02BDE /* TextToSpeech.app */ = {isa = PBXFileReference; explicitFileType = wrapper.application; includeInIndex = 0; path = TextToSpeech.app; sourceTree = BUILT_PRODUCTS_DIR; };
		1E1F533E191E890100E02BDE /* Foundation.framework */ = {isa = PBXFileReference; lastKnownFileType = wrapper.framework; name = Foundation.framework; path = System/Library/Frameworks/Foundation.framework; sourceTree = SDKROOT; };
		1E1F5340191E890100E02BDE /* CoreGraphics.framework */ = {isa = PBXFileReference; lastKnownFileType = wrapper.framework; name = CoreGraphics.framework; path = System/Library/Frameworks/CoreGraphics.framework; sourceTree = SDKROOT; };
		1E1F5342191E890100E02BDE /* UIKit.framework */ = {isa = PBXFileReference; lastKnownFileType = wrapper.framework; name = UIKit.framework; path = System/Library/Frameworks/UIKit.framework; sourceTree = SDKROOT; };
		1E1F5346191E890100E02BDE /* TextToSpeech-Info.plist */ = {isa = PBXFileReference; lastKnownFileType = text.plist.xml; path = "TextToSpeech-Info.plist"; sourceTree = "<group>"; };
		1E1F5348191E890100E02BDE /* en */ = {isa = PBXFileReference; lastKnownFileType = text.plist.strings; name = en; path = en.lproj/InfoPlist.strings; sourceTree = "<group>"; };
		1E1F534A191E890100E02BDE /* main.m */ = {isa = PBXFileReference; lastKnownFileType = sourcecode.c.objc; path = main.m; sourceTree = "<group>"; };
		1E1F534C191E890100E02BDE /* TextToSpeech-Prefix.pch */ = {isa = PBXFileReference; lastKnownFileType = sourcecode.c.h; path = "TextToSpeech-Prefix.pch"; sourceTree = "<group>"; };
		1E1F534D191E890100E02BDE /* TTSAppDelegate.h */ = {isa = PBXFileReference; lastKnownFileType = sourcecode.c.h; path = TTSAppDelegate.h; sourceTree = "<group>"; };
		1E1F534E191E890100E02BDE /* TTSAppDelegate.m */ = {isa = PBXFileReference; lastKnownFileType = sourcecode.c.objc; path = TTSAppDelegate.m; sourceTree = "<group>"; };
		1E1F5351191E890100E02BDE /* Base */ = {isa = PBXFileReference; lastKnownFileType = file.storyboard; name = Base; path = Base.lproj/Main_iPhone.storyboard; sourceTree = "<group>"; };
		1E1F5354191E890100E02BDE /* Base */ = {isa = PBXFileReference; lastKnownFileType = file.storyboard; name = Base; path = Base.lproj/Main_iPad.storyboard; sourceTree = "<group>"; };
		1E1F5356191E890100E02BDE /* TTSViewController.h */ = {isa = PBXFileReference; lastKnownFileType = sourcecode.c.h; path = TTSViewController.h; sourceTree = "<group>"; };
		1E1F5357191E890100E02BDE /* TTSViewController.m */ = {isa = PBXFileReference; lastKnownFileType = sourcecode.c.objc; path = TTSViewController.m; sourceTree = "<group>"; };
		1E1F5359191E890100E02BDE /* Images.xcassets */ = {isa = PBXFileReference; lastKnownFileType = folder.assetcatalog; path = Images.xcassets; sourceTree = "<group>"; };
		1E1F535F191E890100E02BDE /* TextToSpeechTests.xctest */ = {isa = PBXFileReference; explicitFileType = wrapper.cfbundle; includeInIndex = 0; path = TextToSpeechTests.xctest; sourceTree = BUILT_PRODUCTS_DIR; };
		1E1F5360191E890100E02BDE /* XCTest.framework */ = {isa = PBXFileReference; lastKnownFileType = wrapper.framework; name = XCTest.framework; path = Library/Frameworks/XCTest.framework; sourceTree = DEVELOPER_DIR; };
		1E1F5368191E890100E02BDE /* TextToSpeechTests-Info.plist */ = {isa = PBXFileReference; lastKnownFileType = text.plist.xml; path = "TextToSpeechTests-Info.plist"; sourceTree = "<group>"; };
		1E1F536A191E890100E02BDE /* en */ = {isa = PBXFileReference; lastKnownFileType = text.plist.strings; name = en; path = en.lproj/InfoPlist.strings; sourceTree = "<group>"; };
		1E1F536C191E890100E02BDE /* TextToSpeechTests.m */ = {isa = PBXFileReference; lastKnownFileType = sourcecode.c.objc; path = TextToSpeechTests.m; sourceTree = "<group>"; };
		1E72685E191E9A3300F486A9 /* launch_1136x640.png */ = {isa = PBXFileReference; lastKnownFileType = image.png; path = launch_1136x640.png; sourceTree = "<group>"; };
		1E726862191E9AB300F486A9 /* launch_1024x768@2x.png */ = {isa = PBXFileReference; lastKnownFileType = image.png; path = "launch_1024x768@2x.png"; sourceTree = "<group>"; };
/* End PBXFileReference section */

/* Begin PBXFrameworksBuildPhase section */
		1E1F5338191E890100E02BDE /* Frameworks */ = {
			isa = PBXFrameworksBuildPhase;
			buildActionMask = 2147483647;
			files = (
				1E1F5341191E890100E02BDE /* CoreGraphics.framework in Frameworks */,
				1E1F5343191E890100E02BDE /* UIKit.framework in Frameworks */,
				1E1F533F191E890100E02BDE /* Foundation.framework in Frameworks */,
			);
			runOnlyForDeploymentPostprocessing = 0;
		};
		1E1F535C191E890100E02BDE /* Frameworks */ = {
			isa = PBXFrameworksBuildPhase;
			buildActionMask = 2147483647;
			files = (
				1E1F5361191E890100E02BDE /* XCTest.framework in Frameworks */,
				1E1F5363191E890100E02BDE /* UIKit.framework in Frameworks */,
				1E1F5362191E890100E02BDE /* Foundation.framework in Frameworks */,
			);
			runOnlyForDeploymentPostprocessing = 0;
		};
/* End PBXFrameworksBuildPhase section */

/* Begin PBXGroup section */
		1E1F5332191E890100E02BDE = {
			isa = PBXGroup;
			children = (
				1E1F5344191E890100E02BDE /* TextToSpeech */,
				1E1F5366191E890100E02BDE /* TextToSpeechTests */,
				1E1F533D191E890100E02BDE /* Frameworks */,
				1E1F533C191E890100E02BDE /* Products */,
			);
			sourceTree = "<group>";
		};
		1E1F533C191E890100E02BDE /* Products */ = {
			isa = PBXGroup;
			children = (
				1E1F533B191E890100E02BDE /* TextToSpeech.app */,
				1E1F535F191E890100E02BDE /* TextToSpeechTests.xctest */,
			);
			name = Products;
			sourceTree = "<group>";
		};
		1E1F533D191E890100E02BDE /* Frameworks */ = {
			isa = PBXGroup;
			children = (
				1E1F533E191E890100E02BDE /* Foundation.framework */,
				1E1F5340191E890100E02BDE /* CoreGraphics.framework */,
				1E1F5342191E890100E02BDE /* UIKit.framework */,
				1E1F5360191E890100E02BDE /* XCTest.framework */,
			);
			name = Frameworks;
			sourceTree = "<group>";
		};
		1E1F5344191E890100E02BDE /* TextToSpeech */ = {
			isa = PBXGroup;
			children = (
				1E1F534D191E890100E02BDE /* TTSAppDelegate.h */,
				1E1F534E191E890100E02BDE /* TTSAppDelegate.m */,
				1E1F5350191E890100E02BDE /* Main_iPhone.storyboard */,
				1E1F5353191E890100E02BDE /* Main_iPad.storyboard */,
				1E1F5356191E890100E02BDE /* TTSViewController.h */,
				1E1F5357191E890100E02BDE /* TTSViewController.m */,
				1E1F5359191E890100E02BDE /* Images.xcassets */,
				1E1F5345191E890100E02BDE /* Supporting Files */,
			);
			path = TextToSpeech;
			sourceTree = "<group>";
		};
		1E1F5345191E890100E02BDE /* Supporting Files */ = {
			isa = PBXGroup;
			children = (
				1E726862191E9AB300F486A9 /* launch_1024x768@2x.png */,
				1E72685E191E9A3300F486A9 /* launch_1136x640.png */,
				1E1F5346191E890100E02BDE /* TextToSpeech-Info.plist */,
				1E1F5347191E890100E02BDE /* InfoPlist.strings */,
				1E1F534A191E890100E02BDE /* main.m */,
				1E1F534C191E890100E02BDE /* TextToSpeech-Prefix.pch */,
			);
			name = "Supporting Files";
			sourceTree = "<group>";
		};
		1E1F5366191E890100E02BDE /* TextToSpeechTests */ = {
			isa = PBXGroup;
			children = (
				1E1F536C191E890100E02BDE /* TextToSpeechTests.m */,
				1E1F5367191E890100E02BDE /* Supporting Files */,
			);
			path = TextToSpeechTests;
			sourceTree = "<group>";
		};
		1E1F5367191E890100E02BDE /* Supporting Files */ = {
			isa = PBXGroup;
			children = (
				1E1F5368191E890100E02BDE /* TextToSpeechTests-Info.plist */,
				1E1F5369191E890100E02BDE /* InfoPlist.strings */,
			);
			name = "Supporting Files";
			sourceTree = "<group>";
		};
/* End PBXGroup section */

/* Begin PBXNativeTarget section */
		1E1F533A191E890100E02BDE /* TextToSpeech */ = {
			isa = PBXNativeTarget;
			buildConfigurationList = 1E1F5370191E890200E02BDE /* Build configuration list for PBXNativeTarget "TextToSpeech" */;
			buildPhases = (
				1E1F5337191E890100E02BDE /* Sources */,
				1E1F5338191E890100E02BDE /* Frameworks */,
				1E1F5339191E890100E02BDE /* Resources */,
			);
			buildRules = (
			);
			dependencies = (
			);
			name = TextToSpeech;
			productName = TextToSpeech;
			productReference = 1E1F533B191E890100E02BDE /* TextToSpeech.app */;
			productType = "com.apple.product-type.application";
		};
		1E1F535E191E890100E02BDE /* TextToSpeechTests */ = {
			isa = PBXNativeTarget;
			buildConfigurationList = 1E1F5373191E890200E02BDE /* Build configuration list for PBXNativeTarget "TextToSpeechTests" */;
			buildPhases = (
				1E1F535B191E890100E02BDE /* Sources */,
				1E1F535C191E890100E02BDE /* Frameworks */,
				1E1F535D191E890100E02BDE /* Resources */,
			);
			buildRules = (
			);
			dependencies = (
				1E1F5365191E890100E02BDE /* PBXTargetDependency */,
			);
			name = TextToSpeechTests;
			productName = TextToSpeechTests;
			productReference = 1E1F535F191E890100E02BDE /* TextToSpeechTests.xctest */;
			productType = "com.apple.product-type.bundle.unit-test";
		};
/* End PBXNativeTarget section */

/* Begin PBXProject section */
		1E1F5333191E890100E02BDE /* Project object */ = {
			isa = PBXProject;
			attributes = {
				CLASSPREFIX = TTS;
				LastUpgradeCheck = 0510;
				ORGANIZATIONNAME = "Caffeine and Code";
				TargetAttributes = {
					1E1F535E191E890100E02BDE = {
						TestTargetID = 1E1F533A191E890100E02BDE;
					};
				};
			};
			buildConfigurationList = 1E1F5336191E890100E02BDE /* Build configuration list for PBXProject "TextToSpeech" */;
			compatibilityVersion = "Xcode 3.2";
			developmentRegion = English;
			hasScannedForEncodings = 0;
			knownRegions = (
				en,
				Base,
			);
			mainGroup = 1E1F5332191E890100E02BDE;
			productRefGroup = 1E1F533C191E890100E02BDE /* Products */;
			projectDirPath = "";
			projectRoot = "";
			targets = (
				1E1F533A191E890100E02BDE /* TextToSpeech */,
				1E1F535E191E890100E02BDE /* TextToSpeechTests */,
			);
		};
/* End PBXProject section */

/* Begin PBXResourcesBuildPhase section */
		1E1F5339191E890100E02BDE /* Resources */ = {
			isa = PBXResourcesBuildPhase;
			buildActionMask = 2147483647;
			files = (
				1E1F5355191E890100E02BDE /* Main_iPad.storyboard in Resources */,
				1E726863191E9AB300F486A9 /* launch_1024x768@2x.png in Resources */,
				1E1F535A191E890100E02BDE /* Images.xcassets in Resources */,
				1E1F5352191E890100E02BDE /* Main_iPhone.storyboard in Resources */,
				1E1F5349191E890100E02BDE /* InfoPlist.strings in Resources */,
				1E72685F191E9A3300F486A9 /* launch_1136x640.png in Resources */,
			);
			runOnlyForDeploymentPostprocessing = 0;
		};
		1E1F535D191E890100E02BDE /* Resources */ = {
			isa = PBXResourcesBuildPhase;
			buildActionMask = 2147483647;
			files = (
				1E1F536B191E890100E02BDE /* InfoPlist.strings in Resources */,
			);
			runOnlyForDeploymentPostprocessing = 0;
		};
/* End PBXResourcesBuildPhase section */

/* Begin PBXSourcesBuildPhase section */
		1E1F5337191E890100E02BDE /* Sources */ = {
			isa = PBXSourcesBuildPhase;
			buildActionMask = 2147483647;
			files = (
				1E1F534F191E890100E02BDE /* TTSAppDelegate.m in Sources */,
				1E1F534B191E890100E02BDE /* main.m in Sources */,
				1E1F5358191E890100E02BDE /* TTSViewController.m in Sources */,
			);
			runOnlyForDeploymentPostprocessing = 0;
		};
		1E1F535B191E890100E02BDE /* Sources */ = {
			isa = PBXSourcesBuildPhase;
			buildActionMask = 2147483647;
			files = (
				1E1F536D191E890100E02BDE /* TextToSpeechTests.m in Sources */,
			);
			runOnlyForDeploymentPostprocessing = 0;
		};
/* End PBXSourcesBuildPhase section */

/* Begin PBXTargetDependency section */
		1E1F5365191E890100E02BDE /* PBXTargetDependency */ = {
			isa = PBXTargetDependency;
			target = 1E1F533A191E890100E02BDE /* TextToSpeech */;
			targetProxy = 1E1F5364191E890100E02BDE /* PBXContainerItemProxy */;
		};
/* End PBXTargetDependency section */

/* Begin PBXVariantGroup section */
		1E1F5347191E890100E02BDE /* InfoPlist.strings */ = {
			isa = PBXVariantGroup;
			children = (
				1E1F5348191E890100E02BDE /* en */,
			);
			name = InfoPlist.strings;
			sourceTree = "<group>";
		};
		1E1F5350191E890100E02BDE /* Main_iPhone.storyboard */ = {
			isa = PBXVariantGroup;
			children = (
				1E1F5351191E890100E02BDE /* Base */,
			);
			name = Main_iPhone.storyboard;
			sourceTree = "<group>";
		};
		1E1F5353191E890100E02BDE /* Main_iPad.storyboard */ = {
			isa = PBXVariantGroup;
			children = (
				1E1F5354191E890100E02BDE /* Base */,
			);
			name = Main_iPad.storyboard;
			sourceTree = "<group>";
		};
		1E1F5369191E890100E02BDE /* InfoPlist.strings */ = {
			isa = PBXVariantGroup;
			children = (
				1E1F536A191E890100E02BDE /* en */,
			);
			name = InfoPlist.strings;
			sourceTree = "<group>";
		};
/* End PBXVariantGroup section */

/* Begin XCBuildConfiguration section */
		1E1F536E191E890100E02BDE /* Debug */ = {
			isa = XCBuildConfiguration;
			buildSettings = {
				ALWAYS_SEARCH_USER_PATHS = NO;
				CLANG_CXX_LANGUAGE_STANDARD = "gnu++0x";
				CLANG_CXX_LIBRARY = "libc++";
				CLANG_ENABLE_MODULES = YES;
				CLANG_ENABLE_OBJC_ARC = YES;
				CLANG_WARN_BOOL_CONVERSION = YES;
				CLANG_WARN_CONSTANT_CONVERSION = YES;
				CLANG_WARN_DIRECT_OBJC_ISA_USAGE = YES_ERROR;
				CLANG_WARN_EMPTY_BODY = YES;
				CLANG_WARN_ENUM_CONVERSION = YES;
				CLANG_WARN_INT_CONVERSION = YES;
				CLANG_WARN_OBJC_ROOT_CLASS = YES_ERROR;
				CLANG_WARN__DUPLICATE_METHOD_MATCH = YES;
				"CODE_SIGN_IDENTITY[sdk=iphoneos*]" = "iPhone Developer";
				COPY_PHASE_STRIP = NO;
				GCC_C_LANGUAGE_STANDARD = gnu99;
				GCC_DYNAMIC_NO_PIC = NO;
				GCC_OPTIMIZATION_LEVEL = 0;
				GCC_PREPROCESSOR_DEFINITIONS = (
					"DEBUG=1",
					"$(inherited)",
				);
				GCC_SYMBOLS_PRIVATE_EXTERN = NO;
				GCC_WARN_64_TO_32_BIT_CONVERSION = YES;
				GCC_WARN_ABOUT_RETURN_TYPE = YES_ERROR;
				GCC_WARN_UNDECLARED_SELECTOR = YES;
				GCC_WARN_UNINITIALIZED_AUTOS = YES_AGGRESSIVE;
				GCC_WARN_UNUSED_FUNCTION = YES;
				GCC_WARN_UNUSED_VARIABLE = YES;
				IPHONEOS_DEPLOYMENT_TARGET = 7.1;
				ONLY_ACTIVE_ARCH = YES;
				SDKROOT = iphoneos;
				TARGETED_DEVICE_FAMILY = "1,2";
			};
			name = Debug;
		};
		1E1F536F191E890100E02BDE /* Release */ = {
			isa = XCBuildConfiguration;
			buildSettings = {
				ALWAYS_SEARCH_USER_PATHS = NO;
				CLANG_CXX_LANGUAGE_STANDARD = "gnu++0x";
				CLANG_CXX_LIBRARY = "libc++";
				CLANG_ENABLE_MODULES = YES;
				CLANG_ENABLE_OBJC_ARC = YES;
				CLANG_WARN_BOOL_CONVERSION = YES;
				CLANG_WARN_CONSTANT_CONVERSION = YES;
				CLANG_WARN_DIRECT_OBJC_ISA_USAGE = YES_ERROR;
				CLANG_WARN_EMPTY_BODY = YES;
				CLANG_WARN_ENUM_CONVERSION = YES;
				CLANG_WARN_INT_CONVERSION = YES;
				CLANG_WARN_OBJC_ROOT_CLASS = YES_ERROR;
				CLANG_WARN__DUPLICATE_METHOD_MATCH = YES;
				"CODE_SIGN_IDENTITY[sdk=iphoneos*]" = "iPhone Developer";
				COPY_PHASE_STRIP = YES;
				ENABLE_NS_ASSERTIONS = NO;
				GCC_C_LANGUAGE_STANDARD = gnu99;
				GCC_WARN_64_TO_32_BIT_CONVERSION = YES;
				GCC_WARN_ABOUT_RETURN_TYPE = YES_ERROR;
				GCC_WARN_UNDECLARED_SELECTOR = YES;
				GCC_WARN_UNINITIALIZED_AUTOS = YES_AGGRESSIVE;
				GCC_WARN_UNUSED_FUNCTION = YES;
				GCC_WARN_UNUSED_VARIABLE = YES;
				IPHONEOS_DEPLOYMENT_TARGET = 7.1;
				SDKROOT = iphoneos;
				TARGETED_DEVICE_FAMILY = "1,2";
				VALIDATE_PRODUCT = YES;
			};
			name = Release;
		};
		1E1F5371191E890200E02BDE /* Debug */ = {
			isa = XCBuildConfiguration;
			buildSettings = {
				ASSETCATALOG_COMPILER_APPICON_NAME = AppIcon;
				ASSETCATALOG_COMPILER_LAUNCHIMAGE_NAME = LaunchImage;
				GCC_PRECOMPILE_PREFIX_HEADER = YES;
				GCC_PREFIX_HEADER = "TextToSpeech/TextToSpeech-Prefix.pch";
				INFOPLIST_FILE = "TextToSpeech/TextToSpeech-Info.plist";
				PRODUCT_NAME = "$(TARGET_NAME)";
				WRAPPER_EXTENSION = app;
			};
			name = Debug;
		};
		1E1F5372191E890200E02BDE /* Release */ = {
			isa = XCBuildConfiguration;
			buildSettings = {
				ASSETCATALOG_COMPILER_APPICON_NAME = AppIcon;
				ASSETCATALOG_COMPILER_LAUNCHIMAGE_NAME = LaunchImage;
				GCC_PRECOMPILE_PREFIX_HEADER = YES;
				GCC_PREFIX_HEADER = "TextToSpeech/TextToSpeech-Prefix.pch";
				INFOPLIST_FILE = "TextToSpeech/TextToSpeech-Info.plist";
				PRODUCT_NAME = "$(TARGET_NAME)";
				WRAPPER_EXTENSION = app;
			};
			name = Release;
		};
		1E1F5374191E890200E02BDE /* Debug */ = {
			isa = XCBuildConfiguration;
			buildSettings = {
				BUNDLE_LOADER = "$(BUILT_PRODUCTS_DIR)/TextToSpeech.app/TextToSpeech";
				FRAMEWORK_SEARCH_PATHS = (
					"$(SDKROOT)/Developer/Library/Frameworks",
					"$(inherited)",
					"$(DEVELOPER_FRAMEWORKS_DIR)",
				);
				GCC_PRECOMPILE_PREFIX_HEADER = YES;
				GCC_PREFIX_HEADER = "TextToSpeech/TextToSpeech-Prefix.pch";
				GCC_PREPROCESSOR_DEFINITIONS = (
					"DEBUG=1",
					"$(inherited)",
				);
				INFOPLIST_FILE = "TextToSpeechTests/TextToSpeechTests-Info.plist";
				PRODUCT_NAME = "$(TARGET_NAME)";
				TEST_HOST = "$(BUNDLE_LOADER)";
				WRAPPER_EXTENSION = xctest;
			};
			name = Debug;
		};
		1E1F5375191E890200E02BDE /* Release */ = {
			isa = XCBuildConfiguration;
			buildSettings = {
				BUNDLE_LOADER = "$(BUILT_PRODUCTS_DIR)/TextToSpeech.app/TextToSpeech";
				FRAMEWORK_SEARCH_PATHS = (
					"$(SDKROOT)/Developer/Library/Frameworks",
					"$(inherited)",
					"$(DEVELOPER_FRAMEWORKS_DIR)",
				);
				GCC_PRECOMPILE_PREFIX_HEADER = YES;
				GCC_PREFIX_HEADER = "TextToSpeech/TextToSpeech-Prefix.pch";
				INFOPLIST_FILE = "TextToSpeechTests/TextToSpeechTests-Info.plist";
				PRODUCT_NAME = "$(TARGET_NAME)";
				TEST_HOST = "$(BUNDLE_LOADER)";
				WRAPPER_EXTENSION = xctest;
			};
			name = Release;
		};
/* End XCBuildConfiguration section */

/* Begin XCConfigurationList section */
		1E1F5336191E890100E02BDE /* Build configuration list for PBXProject "TextToSpeech" */ = {
			isa = XCConfigurationList;
			buildConfigurations = (
				1E1F536E191E890100E02BDE /* Debug */,
				1E1F536F191E890100E02BDE /* Release */,
			);
			defaultConfigurationIsVisible = 0;
			defaultConfigurationName = Release;
		};
		1E1F5370191E890200E02BDE /* Build configuration list for PBXNativeTarget "TextToSpeech" */ = {
			isa = XCConfigurationList;
			buildConfigurations = (
				1E1F5371191E890200E02BDE /* Debug */,
				1E1F5372191E890200E02BDE /* Release */,
			);
			defaultConfigurationIsVisible = 0;
			defaultConfigurationName = Release;
		};
		1E1F5373191E890200E02BDE /* Build configuration list for PBXNativeTarget "TextToSpeechTests" */ = {
			isa = XCConfigurationList;
			buildConfigurations = (
				1E1F5374191E890200E02BDE /* Debug */,
				1E1F5375191E890200E02BDE /* Release */,
			);
			defaultConfigurationIsVisible = 0;
			defaultConfigurationName = Release;
		};
/* End XCConfigurationList section */
	};
	rootObject = 1E1F5333191E890100E02BDE /* Project object */;
}
