// !$*UTF8*$!
{
	archiveVersion = 1;
	classes = {
	};
	objectVersion = 46;
	objects = {

/* Begin PBXBuildFile section */
		1E07070F191AE73900AB146D /* EBRSpriteNode.m in Sources */ = {isa = PBXBuildFile; fileRef = 1E07070E191AE73900AB146D /* EBRSpriteNode.m */; };
		1E2DD1EC1910B4A3000F196A /* Foundation.framework in Frameworks */ = {isa = PBXBuildFile; fileRef = 1E2DD1EB1910B4A3000F196A /* Foundation.framework */; };
		1E2DD1EE1910B4A3000F196A /* CoreGraphics.framework in Frameworks */ = {isa = PBXBuildFile; fileRef = 1E2DD1ED1910B4A3000F196A /* CoreGraphics.framework */; };
		1E2DD1F01910B4A3000F196A /* UIKit.framework in Frameworks */ = {isa = PBXBuildFile; fileRef = 1E2DD1EF1910B4A3000F196A /* UIKit.framework */; };
		1E2DD1F21910B4A3000F196A /* SpriteKit.framework in Frameworks */ = {isa = PBXBuildFile; fileRef = 1E2DD1F11910B4A3000F196A /* SpriteKit.framework */; };
		1E2DD1F81910B4A3000F196A /* InfoPlist.strings in Resources */ = {isa = PBXBuildFile; fileRef = 1E2DD1F61910B4A3000F196A /* InfoPlist.strings */; };
		1E2DD1FA1910B4A3000F196A /* main.m in Sources */ = {isa = PBXBuildFile; fileRef = 1E2DD1F91910B4A3000F196A /* main.m */; };
		1E2DD1FE1910B4A4000F196A /* EBRAppDelegate.m in Sources */ = {isa = PBXBuildFile; fileRef = 1E2DD1FD1910B4A4000F196A /* EBRAppDelegate.m */; };
		1E2DD2011910B4A4000F196A /* Main.storyboard in Resources */ = {isa = PBXBuildFile; fileRef = 1E2DD1FF1910B4A4000F196A /* Main.storyboard */; };
		1E2DD2041910B4A4000F196A /* EBRViewController.m in Sources */ = {isa = PBXBuildFile; fileRef = 1E2DD2031910B4A4000F196A /* EBRViewController.m */; };
		1E2DD2071910B4A4000F196A /* EBRMyScene.m in Sources */ = {isa = PBXBuildFile; fileRef = 1E2DD2061910B4A4000F196A /* EBRMyScene.m */; };
		1E2DD2091910B4A4000F196A /* Spaceship.png in Resources */ = {isa = PBXBuildFile; fileRef = 1E2DD2081910B4A4000F196A /* Spaceship.png */; };
		1E2DD20B1910B4A4000F196A /* Images.xcassets in Resources */ = {isa = PBXBuildFile; fileRef = 1E2DD20A1910B4A4000F196A /* Images.xcassets */; };
		1E2DD2121910B4A4000F196A /* XCTest.framework in Frameworks */ = {isa = PBXBuildFile; fileRef = 1E2DD2111910B4A4000F196A /* XCTest.framework */; };
		1E2DD2131910B4A4000F196A /* Foundation.framework in Frameworks */ = {isa = PBXBuildFile; fileRef = 1E2DD1EB1910B4A3000F196A /* Foundation.framework */; };
		1E2DD2141910B4A4000F196A /* UIKit.framework in Frameworks */ = {isa = PBXBuildFile; fileRef = 1E2DD1EF1910B4A3000F196A /* UIKit.framework */; };
		1E2DD21C1910B4A4000F196A /* InfoPlist.strings in Resources */ = {isa = PBXBuildFile; fileRef = 1E2DD21A1910B4A4000F196A /* InfoPlist.strings */; };
		1E2DD21E1910B4A4000F196A /* EliteBeatRevolutionTests.m in Sources */ = {isa = PBXBuildFile; fileRef = 1E2DD21D1910B4A4000F196A /* EliteBeatRevolutionTests.m */; };
		1E2DD23B1910B5C2000F196A /* Down (Half).gif in Resources */ = {isa = PBXBuildFile; fileRef = 1E2DD2271910B5C2000F196A /* Down (Half).gif */; };
		1E2DD23C1910B5C2000F196A /* Down Destroyed.png in Resources */ = {isa = PBXBuildFile; fileRef = 1E2DD2281910B5C2000F196A /* Down Destroyed.png */; };
		1E2DD23D1910B5C2000F196A /* Down Receptor (Small).png in Resources */ = {isa = PBXBuildFile; fileRef = 1E2DD2291910B5C2000F196A /* Down Receptor (Small).png */; };
		1E2DD23E1910B5C2000F196A /* Down Receptor.png in Resources */ = {isa = PBXBuildFile; fileRef = 1E2DD22A1910B5C2000F196A /* Down Receptor.png */; };
		1E2DD23F1910B5C2000F196A /* Down.gif in Resources */ = {isa = PBXBuildFile; fileRef = 1E2DD22B1910B5C2000F196A /* Down.gif */; };
		1E2DD2401910B5C2000F196A /* Left (Half).gif in Resources */ = {isa = PBXBuildFile; fileRef = 1E2DD22C1910B5C2000F196A /* Left (Half).gif */; };
		1E2DD2411910B5C2000F196A /* Left Destroyed.png in Resources */ = {isa = PBXBuildFile; fileRef = 1E2DD22D1910B5C2000F196A /* Left Destroyed.png */; };
		1E2DD2421910B5C2000F196A /* Left Receptor (Small).png in Resources */ = {isa = PBXBuildFile; fileRef = 1E2DD22E1910B5C2000F196A /* Left Receptor (Small).png */; };
		1E2DD2431910B5C2000F196A /* Left Receptor.png in Resources */ = {isa = PBXBuildFile; fileRef = 1E2DD22F1910B5C2000F196A /* Left Receptor.png */; };
		1E2DD2441910B5C2000F196A /* Left.gif in Resources */ = {isa = PBXBuildFile; fileRef = 1E2DD2301910B5C2000F196A /* Left.gif */; };
		1E2DD2451910B5C2000F196A /* Right (Half).gif in Resources */ = {isa = PBXBuildFile; fileRef = 1E2DD2311910B5C2000F196A /* Right (Half).gif */; };
		1E2DD2461910B5C2000F196A /* Right Destroyed.png in Resources */ = {isa = PBXBuildFile; fileRef = 1E2DD2321910B5C2000F196A /* Right Destroyed.png */; };
		1E2DD2471910B5C2000F196A /* Right Receptor (Small).png in Resources */ = {isa = PBXBuildFile; fileRef = 1E2DD2331910B5C2000F196A /* Right Receptor (Small).png */; };
		1E2DD2481910B5C2000F196A /* Right Receptor.png in Resources */ = {isa = PBXBuildFile; fileRef = 1E2DD2341910B5C2000F196A /* Right Receptor.png */; };
		1E2DD2491910B5C2000F196A /* Right.gif in Resources */ = {isa = PBXBuildFile; fileRef = 1E2DD2351910B5C2000F196A /* Right.gif */; };
		1E2DD24A1910B5C2000F196A /* Up (Half).gif in Resources */ = {isa = PBXBuildFile; fileRef = 1E2DD2361910B5C2000F196A /* Up (Half).gif */; };
		1E2DD24B1910B5C2000F196A /* Up Destroyed.png in Resources */ = {isa = PBXBuildFile; fileRef = 1E2DD2371910B5C2000F196A /* Up Destroyed.png */; };
		1E2DD24C1910B5C2000F196A /* Up Receptor (Small).png in Resources */ = {isa = PBXBuildFile; fileRef = 1E2DD2381910B5C2000F196A /* Up Receptor (Small).png */; };
		1E2DD24D1910B5C2000F196A /* Up Receptor.png in Resources */ = {isa = PBXBuildFile; fileRef = 1E2DD2391910B5C2000F196A /* Up Receptor.png */; };
		1E2DD24E1910B5C2000F196A /* Up.gif in Resources */ = {isa = PBXBuildFile; fileRef = 1E2DD23A1910B5C2000F196A /* Up.gif */; };
		1E319FF6191B50EF00CCA757 /* walk_right_1.png in Resources */ = {isa = PBXBuildFile; fileRef = 1E319FED191B50EF00CCA757 /* walk_right_1.png */; };
		1E319FF7191B50EF00CCA757 /* walk_right_2.png in Resources */ = {isa = PBXBuildFile; fileRef = 1E319FEE191B50EF00CCA757 /* walk_right_2.png */; };
		1E319FF8191B50EF00CCA757 /* walk_right_3.png in Resources */ = {isa = PBXBuildFile; fileRef = 1E319FEF191B50EF00CCA757 /* walk_right_3.png */; };
		1E319FF9191B50EF00CCA757 /* walk_right_4.png in Resources */ = {isa = PBXBuildFile; fileRef = 1E319FF0191B50EF00CCA757 /* walk_right_4.png */; };
		1E319FFA191B50EF00CCA757 /* walk_right_5.png in Resources */ = {isa = PBXBuildFile; fileRef = 1E319FF1191B50EF00CCA757 /* walk_right_5.png */; };
		1E319FFB191B50EF00CCA757 /* walk_right_6.png in Resources */ = {isa = PBXBuildFile; fileRef = 1E319FF2191B50EF00CCA757 /* walk_right_6.png */; };
		1E319FFC191B50EF00CCA757 /* walk_right_7.png in Resources */ = {isa = PBXBuildFile; fileRef = 1E319FF3191B50EF00CCA757 /* walk_right_7.png */; };
		1E319FFD191B50EF00CCA757 /* walk_right_8.png in Resources */ = {isa = PBXBuildFile; fileRef = 1E319FF4191B50EF00CCA757 /* walk_right_8.png */; };
		1E319FFE191B50EF00CCA757 /* walk_right_9.png in Resources */ = {isa = PBXBuildFile; fileRef = 1E319FF5191B50EF00CCA757 /* walk_right_9.png */; };
		1E31A009191B595D00CCA757 /* walk_down_1.png in Resources */ = {isa = PBXBuildFile; fileRef = 1E31A000191B595D00CCA757 /* walk_down_1.png */; };
		1E31A00A191B595D00CCA757 /* walk_down_2.png in Resources */ = {isa = PBXBuildFile; fileRef = 1E31A001191B595D00CCA757 /* walk_down_2.png */; };
		1E31A00B191B595D00CCA757 /* walk_down_3.png in Resources */ = {isa = PBXBuildFile; fileRef = 1E31A002191B595D00CCA757 /* walk_down_3.png */; };
		1E31A00C191B595D00CCA757 /* walk_down_4.png in Resources */ = {isa = PBXBuildFile; fileRef = 1E31A003191B595D00CCA757 /* walk_down_4.png */; };
		1E31A00D191B595D00CCA757 /* walk_down_5.png in Resources */ = {isa = PBXBuildFile; fileRef = 1E31A004191B595D00CCA757 /* walk_down_5.png */; };
		1E31A00E191B595D00CCA757 /* walk_down_6.png in Resources */ = {isa = PBXBuildFile; fileRef = 1E31A005191B595D00CCA757 /* walk_down_6.png */; };
		1E31A00F191B595D00CCA757 /* walk_down_7.png in Resources */ = {isa = PBXBuildFile; fileRef = 1E31A006191B595D00CCA757 /* walk_down_7.png */; };
		1E31A010191B595D00CCA757 /* walk_down_8.png in Resources */ = {isa = PBXBuildFile; fileRef = 1E31A007191B595D00CCA757 /* walk_down_8.png */; };
		1E31A011191B595D00CCA757 /* walk_down_9.png in Resources */ = {isa = PBXBuildFile; fileRef = 1E31A008191B595D00CCA757 /* walk_down_9.png */; };
		1E31A01C191B596D00CCA757 /* walk_left_1.png in Resources */ = {isa = PBXBuildFile; fileRef = 1E31A013191B596D00CCA757 /* walk_left_1.png */; };
		1E31A01D191B596D00CCA757 /* walk_left_2.png in Resources */ = {isa = PBXBuildFile; fileRef = 1E31A014191B596D00CCA757 /* walk_left_2.png */; };
		1E31A01E191B596D00CCA757 /* walk_left_3.png in Resources */ = {isa = PBXBuildFile; fileRef = 1E31A015191B596D00CCA757 /* walk_left_3.png */; };
		1E31A01F191B596D00CCA757 /* walk_left_4.png in Resources */ = {isa = PBXBuildFile; fileRef = 1E31A016191B596D00CCA757 /* walk_left_4.png */; };
		1E31A020191B596D00CCA757 /* walk_left_5.png in Resources */ = {isa = PBXBuildFile; fileRef = 1E31A017191B596D00CCA757 /* walk_left_5.png */; };
		1E31A021191B596D00CCA757 /* walk_left_6.png in Resources */ = {isa = PBXBuildFile; fileRef = 1E31A018191B596D00CCA757 /* walk_left_6.png */; };
		1E31A022191B596D00CCA757 /* walk_left_7.png in Resources */ = {isa = PBXBuildFile; fileRef = 1E31A019191B596D00CCA757 /* walk_left_7.png */; };
		1E31A023191B596D00CCA757 /* walk_left_8.png in Resources */ = {isa = PBXBuildFile; fileRef = 1E31A01A191B596D00CCA757 /* walk_left_8.png */; };
		1E31A024191B596D00CCA757 /* walk_left_9.png in Resources */ = {isa = PBXBuildFile; fileRef = 1E31A01B191B596D00CCA757 /* walk_left_9.png */; };
		1E31A02F191B597300CCA757 /* walk_up_1.png in Resources */ = {isa = PBXBuildFile; fileRef = 1E31A026191B597300CCA757 /* walk_up_1.png */; };
		1E31A030191B597300CCA757 /* walk_up_2.png in Resources */ = {isa = PBXBuildFile; fileRef = 1E31A027191B597300CCA757 /* walk_up_2.png */; };
		1E31A031191B597300CCA757 /* walk_up_3.png in Resources */ = {isa = PBXBuildFile; fileRef = 1E31A028191B597300CCA757 /* walk_up_3.png */; };
		1E31A032191B597300CCA757 /* walk_up_4.png in Resources */ = {isa = PBXBuildFile; fileRef = 1E31A029191B597300CCA757 /* walk_up_4.png */; };
		1E31A033191B597300CCA757 /* walk_up_5.png in Resources */ = {isa = PBXBuildFile; fileRef = 1E31A02A191B597300CCA757 /* walk_up_5.png */; };
		1E31A034191B597300CCA757 /* walk_up_6.png in Resources */ = {isa = PBXBuildFile; fileRef = 1E31A02B191B597300CCA757 /* walk_up_6.png */; };
		1E31A035191B597300CCA757 /* walk_up_7.png in Resources */ = {isa = PBXBuildFile; fileRef = 1E31A02C191B597300CCA757 /* walk_up_7.png */; };
		1E31A036191B597300CCA757 /* walk_up_8.png in Resources */ = {isa = PBXBuildFile; fileRef = 1E31A02D191B597300CCA757 /* walk_up_8.png */; };
		1E31A037191B597300CCA757 /* walk_up_9.png in Resources */ = {isa = PBXBuildFile; fileRef = 1E31A02E191B597300CCA757 /* walk_up_9.png */; };
		1E373D72191C6C0C00476C24 /* FF7.sf2 in Resources */ = {isa = PBXBuildFile; fileRef = 1E373D71191C6C0C00476C24 /* FF7.sf2 */; };
		1E373D73191C6C0C00476C24 /* FF7.sf2 in Resources */ = {isa = PBXBuildFile; fileRef = 1E373D71191C6C0C00476C24 /* FF7.sf2 */; };
		1E373D75191C6C1700476C24 /* baby.mid in Resources */ = {isa = PBXBuildFile; fileRef = 1E373D74191C6C1700476C24 /* baby.mid */; };
		1E373D76191C6C1700476C24 /* baby.mid in Resources */ = {isa = PBXBuildFile; fileRef = 1E373D74191C6C1700476C24 /* baby.mid */; };
		1E373D78191C6C1F00476C24 /* rainbow.mid in Resources */ = {isa = PBXBuildFile; fileRef = 1E373D77191C6C1F00476C24 /* rainbow.mid */; };
		1E373D79191C6C1F00476C24 /* rainbow.mid in Resources */ = {isa = PBXBuildFile; fileRef = 1E373D77191C6C1F00476C24 /* rainbow.mid */; };
		1E373D7B191C6C2E00476C24 /* woman.mid in Resources */ = {isa = PBXBuildFile; fileRef = 1E373D7A191C6C2E00476C24 /* woman.mid */; };
		1E373D7C191C6C2E00476C24 /* woman.mid in Resources */ = {isa = PBXBuildFile; fileRef = 1E373D7A191C6C2E00476C24 /* woman.mid */; };
		1E373D7E191C6C3E00476C24 /* madworld.mid in Resources */ = {isa = PBXBuildFile; fileRef = 1E373D7D191C6C3E00476C24 /* madworld.mid */; };
		1E373D7F191C6C3E00476C24 /* madworld.mid in Resources */ = {isa = PBXBuildFile; fileRef = 1E373D7D191C6C3E00476C24 /* madworld.mid */; };
		1E373D95191C748400476C24 /* thegoodb.mid in Resources */ = {isa = PBXBuildFile; fileRef = 1E373D8A191C748400476C24 /* thegoodb.mid */; };
		1E373D96191C748400476C24 /* thegoodb.mid in Resources */ = {isa = PBXBuildFile; fileRef = 1E373D8A191C748400476C24 /* thegoodb.mid */; };
		1E4AB6EF191A19AE006A2A0E /* MIDIPlayer.m in Sources */ = {isa = PBXBuildFile; fileRef = 1E4AB6EE191A19AE006A2A0E /* MIDIPlayer.m */; };
		1EB72628191CBDDE00D77F43 /* Billy_Joel_-_Piano_Man.mid in Resources */ = {isa = PBXBuildFile; fileRef = 1EB7261C191CBDDE00D77F43 /* Billy_Joel_-_Piano_Man.mid */; };
		1EB72629191CBDDE00D77F43 /* Billy_Joel_-_River_of_Dreams.mid in Resources */ = {isa = PBXBuildFile; fileRef = 1EB7261D191CBDDE00D77F43 /* Billy_Joel_-_River_of_Dreams.mid */; };
		1EB7262A191CBDDE00D77F43 /* Billy_Joel_-_She's_Got_a_Way.mid in Resources */ = {isa = PBXBuildFile; fileRef = 1EB7261E191CBDDE00D77F43 /* Billy_Joel_-_She's_Got_a_Way.mid */; };
		1EB7262B191CBDDE00D77F43 /* Billy_Joel_-_Tell_Her_About_It.mid in Resources */ = {isa = PBXBuildFile; fileRef = 1EB7261F191CBDDE00D77F43 /* Billy_Joel_-_Tell_Her_About_It.mid */; };
		1EB7262C191CBDDE00D77F43 /* Billy_Joel_-_The_Longest_Time.mid in Resources */ = {isa = PBXBuildFile; fileRef = 1EB72620191CBDDE00D77F43 /* Billy_Joel_-_The_Longest_Time.mid */; };
		1EB7262D191CBDDE00D77F43 /* Billy_Joel_-_Uptown_Girl.mid in Resources */ = {isa = PBXBuildFile; fileRef = 1EB72621191CBDDE00D77F43 /* Billy_Joel_-_Uptown_Girl.mid */; };
		1EB7262E191CBDDE00D77F43 /* david_bowie-space_oddity.mid in Resources */ = {isa = PBXBuildFile; fileRef = 1EB72622191CBDDE00D77F43 /* david_bowie-space_oddity.mid */; };
		1EB7262F191CBDDE00D77F43 /* elton_john-candle_in_the_wind.mid in Resources */ = {isa = PBXBuildFile; fileRef = 1EB72623191CBDDE00D77F43 /* elton_john-candle_in_the_wind.mid */; };
		1EB72631191CBDDE00D77F43 /* elton_john-dont_let_the_sun.mid in Resources */ = {isa = PBXBuildFile; fileRef = 1EB72625191CBDDE00D77F43 /* elton_john-dont_let_the_sun.mid */; };
		1EB72635191CBEC000D77F43 /* Elton John - Rocket Man 1.mid in Resources */ = {isa = PBXBuildFile; fileRef = 1EB72634191CBEC000D77F43 /* Elton John - Rocket Man 1.mid */; };
		1EB72636191CBEC000D77F43 /* Elton John - Rocket Man 1.mid in Resources */ = {isa = PBXBuildFile; fileRef = 1EB72634191CBEC000D77F43 /* Elton John - Rocket Man 1.mid */; };
		1EB72638191CC6B600D77F43 /* landdown.mid in Resources */ = {isa = PBXBuildFile; fileRef = 1EB72637191CC6B600D77F43 /* landdown.mid */; };
		1EB72639191CC6B600D77F43 /* landdown.mid in Resources */ = {isa = PBXBuildFile; fileRef = 1EB72637191CC6B600D77F43 /* landdown.mid */; };
		1EB7263B191CC7BC00D77F43 /* ordinary.mid in Resources */ = {isa = PBXBuildFile; fileRef = 1EB7263A191CC7BC00D77F43 /* ordinary.mid */; };
		1EB7263C191CC7BC00D77F43 /* ordinary.mid in Resources */ = {isa = PBXBuildFile; fileRef = 1EB7263A191CC7BC00D77F43 /* ordinary.mid */; };
		1EB7263E191CC92600D77F43 /* Elton John - Tiny Dancer.mid in Resources */ = {isa = PBXBuildFile; fileRef = 1EB7263D191CC92600D77F43 /* Elton John - Tiny Dancer.mid */; };
		1EB7263F191CC92600D77F43 /* Elton John - Tiny Dancer.mid in Resources */ = {isa = PBXBuildFile; fileRef = 1EB7263D191CC92600D77F43 /* Elton John - Tiny Dancer.mid */; };
		1EB72641191CCBC200D77F43 /* herecoms.mid in Resources */ = {isa = PBXBuildFile; fileRef = 1EB72640191CCBC200D77F43 /* herecoms.mid */; };
		1EB72642191CCBC200D77F43 /* herecoms.mid in Resources */ = {isa = PBXBuildFile; fileRef = 1EB72640191CCBC200D77F43 /* herecoms.mid */; };
		1EB72644191CCC0F00D77F43 /* ticket.mid in Resources */ = {isa = PBXBuildFile; fileRef = 1EB72643191CCC0F00D77F43 /* ticket.mid */; };
		1EB72645191CCC0F00D77F43 /* ticket.mid in Resources */ = {isa = PBXBuildFile; fileRef = 1EB72643191CCC0F00D77F43 /* ticket.mid */; };
		1EB72647191CCC5200D77F43 /* yestrday.mid in Resources */ = {isa = PBXBuildFile; fileRef = 1EB72646191CCC5200D77F43 /* yestrday.mid */; };
		1EB72648191CCC5200D77F43 /* yestrday.mid in Resources */ = {isa = PBXBuildFile; fileRef = 1EB72646191CCC5200D77F43 /* yestrday.mid */; };
		1EB7264A191CCC9100D77F43 /* norwood.mid in Resources */ = {isa = PBXBuildFile; fileRef = 1EB72649191CCC9100D77F43 /* norwood.mid */; };
		1EB7264B191CCC9100D77F43 /* norwood.mid in Resources */ = {isa = PBXBuildFile; fileRef = 1EB72649191CCC9100D77F43 /* norwood.mid */; };
		1EB7264D191CCCC000D77F43 /* inmylife.mid in Resources */ = {isa = PBXBuildFile; fileRef = 1EB7264C191CCCBF00D77F43 /* inmylife.mid */; };
		1EB7264E191CCCC000D77F43 /* inmylife.mid in Resources */ = {isa = PBXBuildFile; fileRef = 1EB7264C191CCCBF00D77F43 /* inmylife.mid */; };
		1EB72650191CCCF800D77F43 /* eleanorr.mid in Resources */ = {isa = PBXBuildFile; fileRef = 1EB7264F191CCCF800D77F43 /* eleanorr.mid */; };
		1EB72651191CCCF800D77F43 /* eleanorr.mid in Resources */ = {isa = PBXBuildFile; fileRef = 1EB7264F191CCCF800D77F43 /* eleanorr.mid */; };
		1EB72653191CCD2000D77F43 /* whenim64.mid in Resources */ = {isa = PBXBuildFile; fileRef = 1EB72652191CCD2000D77F43 /* whenim64.mid */; };
		1EB72654191CCD2000D77F43 /* whenim64.mid in Resources */ = {isa = PBXBuildFile; fileRef = 1EB72652191CCD2000D77F43 /* whenim64.mid */; };
		1EB72656191CCD4A00D77F43 /* pennyln.mid in Resources */ = {isa = PBXBuildFile; fileRef = 1EB72655191CCD4A00D77F43 /* pennyln.mid */; };
		1EB72657191CCD4A00D77F43 /* pennyln.mid in Resources */ = {isa = PBXBuildFile; fileRef = 1EB72655191CCD4A00D77F43 /* pennyln.mid */; };
		1EB72659191CCD8D00D77F43 /* alluneed.mid in Resources */ = {isa = PBXBuildFile; fileRef = 1EB72658191CCD8D00D77F43 /* alluneed.mid */; };
		1EB7265A191CCD8D00D77F43 /* alluneed.mid in Resources */ = {isa = PBXBuildFile; fileRef = 1EB72658191CCD8D00D77F43 /* alluneed.mid */; };
		1EB7265C191CCDE900D77F43 /* strawbf.mid in Resources */ = {isa = PBXBuildFile; fileRef = 1EB7265B191CCDE900D77F43 /* strawbf.mid */; };
		1EB7265D191CCDE900D77F43 /* strawbf.mid in Resources */ = {isa = PBXBuildFile; fileRef = 1EB7265B191CCDE900D77F43 /* strawbf.mid */; };
		1EB7265F191CCE1100D77F43 /* hellogby.mid in Resources */ = {isa = PBXBuildFile; fileRef = 1EB7265E191CCE1100D77F43 /* hellogby.mid */; };
		1EB72660191CCE1100D77F43 /* hellogby.mid in Resources */ = {isa = PBXBuildFile; fileRef = 1EB7265E191CCE1100D77F43 /* hellogby.mid */; };
		1EB72662191CCE3000D77F43 /* obladi.mid in Resources */ = {isa = PBXBuildFile; fileRef = 1EB72661191CCE3000D77F43 /* obladi.mid */; };
		1EB72663191CCE3000D77F43 /* obladi.mid in Resources */ = {isa = PBXBuildFile; fileRef = 1EB72661191CCE3000D77F43 /* obladi.mid */; };
		1EB72665191CCE6300D77F43 /* whilegtr.mid in Resources */ = {isa = PBXBuildFile; fileRef = 1EB72664191CCE6300D77F43 /* whilegtr.mid */; };
		1EB72666191CCE6300D77F43 /* whilegtr.mid in Resources */ = {isa = PBXBuildFile; fileRef = 1EB72664191CCE6300D77F43 /* whilegtr.mid */; };
		1EB72668191CCE8600D77F43 /* blckbird.mid in Resources */ = {isa = PBXBuildFile; fileRef = 1EB72667191CCE8600D77F43 /* blckbird.mid */; };
		1EB72669191CCE8600D77F43 /* blckbird.mid in Resources */ = {isa = PBXBuildFile; fileRef = 1EB72667191CCE8600D77F43 /* blckbird.mid */; };
		1EB7266B191CCEB000D77F43 /* somethng.mid in Resources */ = {isa = PBXBuildFile; fileRef = 1EB7266A191CCEB000D77F43 /* somethng.mid */; };
		1EB7266C191CCEB000D77F43 /* somethng.mid in Resources */ = {isa = PBXBuildFile; fileRef = 1EB7266A191CCEB000D77F43 /* somethng.mid */; };
		1EB7266E191CCECB00D77F43 /* acrssunv.mid in Resources */ = {isa = PBXBuildFile; fileRef = 1EB7266D191CCECB00D77F43 /* acrssunv.mid */; };
		1EB7266F191CCECB00D77F43 /* acrssunv.mid in Resources */ = {isa = PBXBuildFile; fileRef = 1EB7266D191CCECB00D77F43 /* acrssunv.mid */; };
		1EB72671191CCEE700D77F43 /* letitdb.mid in Resources */ = {isa = PBXBuildFile; fileRef = 1EB72670191CCEE700D77F43 /* letitdb.mid */; };
		1EB72672191CCEE700D77F43 /* letitdb.mid in Resources */ = {isa = PBXBuildFile; fileRef = 1EB72670191CCEE700D77F43 /* letitdb.mid */; };
		1EB72674191CCF1D00D77F43 /* lawroad.mid in Resources */ = {isa = PBXBuildFile; fileRef = 1EB72673191CCF1D00D77F43 /* lawroad.mid */; };
		1EB72675191CCF1D00D77F43 /* lawroad.mid in Resources */ = {isa = PBXBuildFile; fileRef = 1EB72673191CCF1D00D77F43 /* lawroad.mid */; };
/* End PBXBuildFile section */

/* Begin PBXContainerItemProxy section */
		1E2DD2151910B4A4000F196A /* PBXContainerItemProxy */ = {
			isa = PBXContainerItemProxy;
			containerPortal = 1E2DD1E01910B4A3000F196A /* Project object */;
			proxyType = 1;
			remoteGlobalIDString = 1E2DD1E71910B4A3000F196A;
			remoteInfo = EliteBeatRevolution;
		};
/* End PBXContainerItemProxy section */

/* Begin PBXFileReference section */
		1E07070D191AE73900AB146D /* EBRSpriteNode.h */ = {isa = PBXFileReference; fileEncoding = 4; lastKnownFileType = sourcecode.c.h; path = EBRSpriteNode.h; sourceTree = "<group>"; };
		1E07070E191AE73900AB146D /* EBRSpriteNode.m */ = {isa = PBXFileReference; fileEncoding = 4; lastKnownFileType = sourcecode.c.objc; path = EBRSpriteNode.m; sourceTree = "<group>"; };
		1E2DD1E81910B4A3000F196A /* EliteBeatRevolution.app */ = {isa = PBXFileReference; explicitFileType = wrapper.application; includeInIndex = 0; path = EliteBeatRevolution.app; sourceTree = BUILT_PRODUCTS_DIR; };
		1E2DD1EB1910B4A3000F196A /* Foundation.framework */ = {isa = PBXFileReference; lastKnownFileType = wrapper.framework; name = Foundation.framework; path = System/Library/Frameworks/Foundation.framework; sourceTree = SDKROOT; };
		1E2DD1ED1910B4A3000F196A /* CoreGraphics.framework */ = {isa = PBXFileReference; lastKnownFileType = wrapper.framework; name = CoreGraphics.framework; path = System/Library/Frameworks/CoreGraphics.framework; sourceTree = SDKROOT; };
		1E2DD1EF1910B4A3000F196A /* UIKit.framework */ = {isa = PBXFileReference; lastKnownFileType = wrapper.framework; name = UIKit.framework; path = System/Library/Frameworks/UIKit.framework; sourceTree = SDKROOT; };
		1E2DD1F11910B4A3000F196A /* SpriteKit.framework */ = {isa = PBXFileReference; lastKnownFileType = wrapper.framework; name = SpriteKit.framework; path = System/Library/Frameworks/SpriteKit.framework; sourceTree = SDKROOT; };
		1E2DD1F51910B4A3000F196A /* EliteBeatRevolution-Info.plist */ = {isa = PBXFileReference; lastKnownFileType = text.plist.xml; path = "EliteBeatRevolution-Info.plist"; sourceTree = "<group>"; };
		1E2DD1F71910B4A3000F196A /* en */ = {isa = PBXFileReference; lastKnownFileType = text.plist.strings; name = en; path = en.lproj/InfoPlist.strings; sourceTree = "<group>"; };
		1E2DD1F91910B4A3000F196A /* main.m */ = {isa = PBXFileReference; lastKnownFileType = sourcecode.c.objc; path = main.m; sourceTree = "<group>"; };
		1E2DD1FB1910B4A3000F196A /* EliteBeatRevolution-Prefix.pch */ = {isa = PBXFileReference; lastKnownFileType = sourcecode.c.h; path = "EliteBeatRevolution-Prefix.pch"; sourceTree = "<group>"; };
		1E2DD1FC1910B4A3000F196A /* EBRAppDelegate.h */ = {isa = PBXFileReference; lastKnownFileType = sourcecode.c.h; path = EBRAppDelegate.h; sourceTree = "<group>"; };
		1E2DD1FD1910B4A4000F196A /* EBRAppDelegate.m */ = {isa = PBXFileReference; lastKnownFileType = sourcecode.c.objc; path = EBRAppDelegate.m; sourceTree = "<group>"; };
		1E2DD2001910B4A4000F196A /* Base */ = {isa = PBXFileReference; lastKnownFileType = file.storyboard; name = Base; path = Base.lproj/Main.storyboard; sourceTree = "<group>"; };
		1E2DD2021910B4A4000F196A /* EBRViewController.h */ = {isa = PBXFileReference; lastKnownFileType = sourcecode.c.h; path = EBRViewController.h; sourceTree = "<group>"; };
		1E2DD2031910B4A4000F196A /* EBRViewController.m */ = {isa = PBXFileReference; lastKnownFileType = sourcecode.c.objc; path = EBRViewController.m; sourceTree = "<group>"; };
		1E2DD2051910B4A4000F196A /* EBRMyScene.h */ = {isa = PBXFileReference; lastKnownFileType = sourcecode.c.h; path = EBRMyScene.h; sourceTree = "<group>"; };
		1E2DD2061910B4A4000F196A /* EBRMyScene.m */ = {isa = PBXFileReference; lastKnownFileType = sourcecode.c.objc; path = EBRMyScene.m; sourceTree = "<group>"; };
		1E2DD2081910B4A4000F196A /* Spaceship.png */ = {isa = PBXFileReference; lastKnownFileType = image.png; path = Spaceship.png; sourceTree = "<group>"; };
		1E2DD20A1910B4A4000F196A /* Images.xcassets */ = {isa = PBXFileReference; lastKnownFileType = folder.assetcatalog; path = Images.xcassets; sourceTree = "<group>"; };
		1E2DD2101910B4A4000F196A /* EliteBeatRevolutionTests.xctest */ = {isa = PBXFileReference; explicitFileType = wrapper.cfbundle; includeInIndex = 0; path = EliteBeatRevolutionTests.xctest; sourceTree = BUILT_PRODUCTS_DIR; };
		1E2DD2111910B4A4000F196A /* XCTest.framework */ = {isa = PBXFileReference; lastKnownFileType = wrapper.framework; name = XCTest.framework; path = Library/Frameworks/XCTest.framework; sourceTree = DEVELOPER_DIR; };
		1E2DD2191910B4A4000F196A /* EliteBeatRevolutionTests-Info.plist */ = {isa = PBXFileReference; lastKnownFileType = text.plist.xml; path = "EliteBeatRevolutionTests-Info.plist"; sourceTree = "<group>"; };
		1E2DD21B1910B4A4000F196A /* en */ = {isa = PBXFileReference; lastKnownFileType = text.plist.strings; name = en; path = en.lproj/InfoPlist.strings; sourceTree = "<group>"; };
		1E2DD21D1910B4A4000F196A /* EliteBeatRevolutionTests.m */ = {isa = PBXFileReference; lastKnownFileType = sourcecode.c.objc; path = EliteBeatRevolutionTests.m; sourceTree = "<group>"; };
		1E2DD2271910B5C2000F196A /* Down (Half).gif */ = {isa = PBXFileReference; lastKnownFileType = image.gif; path = "Down (Half).gif"; sourceTree = "<group>"; };
		1E2DD2281910B5C2000F196A /* Down Destroyed.png */ = {isa = PBXFileReference; lastKnownFileType = image.png; path = "Down Destroyed.png"; sourceTree = "<group>"; };
		1E2DD2291910B5C2000F196A /* Down Receptor (Small).png */ = {isa = PBXFileReference; lastKnownFileType = image.png; path = "Down Receptor (Small).png"; sourceTree = "<group>"; };
		1E2DD22A1910B5C2000F196A /* Down Receptor.png */ = {isa = PBXFileReference; lastKnownFileType = image.png; path = "Down Receptor.png"; sourceTree = "<group>"; };
		1E2DD22B1910B5C2000F196A /* Down.gif */ = {isa = PBXFileReference; lastKnownFileType = image.gif; path = Down.gif; sourceTree = "<group>"; };
		1E2DD22C1910B5C2000F196A /* Left (Half).gif */ = {isa = PBXFileReference; lastKnownFileType = image.gif; path = "Left (Half).gif"; sourceTree = "<group>"; };
		1E2DD22D1910B5C2000F196A /* Left Destroyed.png */ = {isa = PBXFileReference; lastKnownFileType = image.png; path = "Left Destroyed.png"; sourceTree = "<group>"; };
		1E2DD22E1910B5C2000F196A /* Left Receptor (Small).png */ = {isa = PBXFileReference; lastKnownFileType = image.png; path = "Left Receptor (Small).png"; sourceTree = "<group>"; };
		1E2DD22F1910B5C2000F196A /* Left Receptor.png */ = {isa = PBXFileReference; lastKnownFileType = image.png; path = "Left Receptor.png"; sourceTree = "<group>"; };
		1E2DD2301910B5C2000F196A /* Left.gif */ = {isa = PBXFileReference; lastKnownFileType = image.gif; path = Left.gif; sourceTree = "<group>"; };
		1E2DD2311910B5C2000F196A /* Right (Half).gif */ = {isa = PBXFileReference; lastKnownFileType = image.gif; path = "Right (Half).gif"; sourceTree = "<group>"; };
		1E2DD2321910B5C2000F196A /* Right Destroyed.png */ = {isa = PBXFileReference; lastKnownFileType = image.png; path = "Right Destroyed.png"; sourceTree = "<group>"; };
		1E2DD2331910B5C2000F196A /* Right Receptor (Small).png */ = {isa = PBXFileReference; lastKnownFileType = image.png; path = "Right Receptor (Small).png"; sourceTree = "<group>"; };
		1E2DD2341910B5C2000F196A /* Right Receptor.png */ = {isa = PBXFileReference; lastKnownFileType = image.png; path = "Right Receptor.png"; sourceTree = "<group>"; };
		1E2DD2351910B5C2000F196A /* Right.gif */ = {isa = PBXFileReference; lastKnownFileType = image.gif; path = Right.gif; sourceTree = "<group>"; };
		1E2DD2361910B5C2000F196A /* Up (Half).gif */ = {isa = PBXFileReference; lastKnownFileType = image.gif; path = "Up (Half).gif"; sourceTree = "<group>"; };
		1E2DD2371910B5C2000F196A /* Up Destroyed.png */ = {isa = PBXFileReference; lastKnownFileType = image.png; path = "Up Destroyed.png"; sourceTree = "<group>"; };
		1E2DD2381910B5C2000F196A /* Up Receptor (Small).png */ = {isa = PBXFileReference; lastKnownFileType = image.png; path = "Up Receptor (Small).png"; sourceTree = "<group>"; };
		1E2DD2391910B5C2000F196A /* Up Receptor.png */ = {isa = PBXFileReference; lastKnownFileType = image.png; path = "Up Receptor.png"; sourceTree = "<group>"; };
		1E2DD23A1910B5C2000F196A /* Up.gif */ = {isa = PBXFileReference; lastKnownFileType = image.gif; path = Up.gif; sourceTree = "<group>"; };
		1E319FED191B50EF00CCA757 /* walk_right_1.png */ = {isa = PBXFileReference; lastKnownFileType = image.png; path = walk_right_1.png; sourceTree = "<group>"; };
		1E319FEE191B50EF00CCA757 /* walk_right_2.png */ = {isa = PBXFileReference; lastKnownFileType = image.png; path = walk_right_2.png; sourceTree = "<group>"; };
		1E319FEF191B50EF00CCA757 /* walk_right_3.png */ = {isa = PBXFileReference; lastKnownFileType = image.png; path = walk_right_3.png; sourceTree = "<group>"; };
		1E319FF0191B50EF00CCA757 /* walk_right_4.png */ = {isa = PBXFileReference; lastKnownFileType = image.png; path = walk_right_4.png; sourceTree = "<group>"; };
		1E319FF1191B50EF00CCA757 /* walk_right_5.png */ = {isa = PBXFileReference; lastKnownFileType = image.png; path = walk_right_5.png; sourceTree = "<group>"; };
		1E319FF2191B50EF00CCA757 /* walk_right_6.png */ = {isa = PBXFileReference; lastKnownFileType = image.png; path = walk_right_6.png; sourceTree = "<group>"; };
		1E319FF3191B50EF00CCA757 /* walk_right_7.png */ = {isa = PBXFileReference; lastKnownFileType = image.png; path = walk_right_7.png; sourceTree = "<group>"; };
		1E319FF4191B50EF00CCA757 /* walk_right_8.png */ = {isa = PBXFileReference; lastKnownFileType = image.png; path = walk_right_8.png; sourceTree = "<group>"; };
		1E319FF5191B50EF00CCA757 /* walk_right_9.png */ = {isa = PBXFileReference; lastKnownFileType = image.png; path = walk_right_9.png; sourceTree = "<group>"; };
		1E31A000191B595D00CCA757 /* walk_down_1.png */ = {isa = PBXFileReference; lastKnownFileType = image.png; path = walk_down_1.png; sourceTree = "<group>"; };
		1E31A001191B595D00CCA757 /* walk_down_2.png */ = {isa = PBXFileReference; lastKnownFileType = image.png; path = walk_down_2.png; sourceTree = "<group>"; };
		1E31A002191B595D00CCA757 /* walk_down_3.png */ = {isa = PBXFileReference; lastKnownFileType = image.png; path = walk_down_3.png; sourceTree = "<group>"; };
		1E31A003191B595D00CCA757 /* walk_down_4.png */ = {isa = PBXFileReference; lastKnownFileType = image.png; path = walk_down_4.png; sourceTree = "<group>"; };
		1E31A004191B595D00CCA757 /* walk_down_5.png */ = {isa = PBXFileReference; lastKnownFileType = image.png; path = walk_down_5.png; sourceTree = "<group>"; };
		1E31A005191B595D00CCA757 /* walk_down_6.png */ = {isa = PBXFileReference; lastKnownFileType = image.png; path = walk_down_6.png; sourceTree = "<group>"; };
		1E31A006191B595D00CCA757 /* walk_down_7.png */ = {isa = PBXFileReference; lastKnownFileType = image.png; path = walk_down_7.png; sourceTree = "<group>"; };
		1E31A007191B595D00CCA757 /* walk_down_8.png */ = {isa = PBXFileReference; lastKnownFileType = image.png; path = walk_down_8.png; sourceTree = "<group>"; };
		1E31A008191B595D00CCA757 /* walk_down_9.png */ = {isa = PBXFileReference; lastKnownFileType = image.png; path = walk_down_9.png; sourceTree = "<group>"; };
		1E31A013191B596D00CCA757 /* walk_left_1.png */ = {isa = PBXFileReference; lastKnownFileType = image.png; path = walk_left_1.png; sourceTree = "<group>"; };
		1E31A014191B596D00CCA757 /* walk_left_2.png */ = {isa = PBXFileReference; lastKnownFileType = image.png; path = walk_left_2.png; sourceTree = "<group>"; };
		1E31A015191B596D00CCA757 /* walk_left_3.png */ = {isa = PBXFileReference; lastKnownFileType = image.png; path = walk_left_3.png; sourceTree = "<group>"; };
		1E31A016191B596D00CCA757 /* walk_left_4.png */ = {isa = PBXFileReference; lastKnownFileType = image.png; path = walk_left_4.png; sourceTree = "<group>"; };
		1E31A017191B596D00CCA757 /* walk_left_5.png */ = {isa = PBXFileReference; lastKnownFileType = image.png; path = walk_left_5.png; sourceTree = "<group>"; };
		1E31A018191B596D00CCA757 /* walk_left_6.png */ = {isa = PBXFileReference; lastKnownFileType = image.png; path = walk_left_6.png; sourceTree = "<group>"; };
		1E31A019191B596D00CCA757 /* walk_left_7.png */ = {isa = PBXFileReference; lastKnownFileType = image.png; path = walk_left_7.png; sourceTree = "<group>"; };
		1E31A01A191B596D00CCA757 /* walk_left_8.png */ = {isa = PBXFileReference; lastKnownFileType = image.png; path = walk_left_8.png; sourceTree = "<group>"; };
		1E31A01B191B596D00CCA757 /* walk_left_9.png */ = {isa = PBXFileReference; lastKnownFileType = image.png; path = walk_left_9.png; sourceTree = "<group>"; };
		1E31A026191B597300CCA757 /* walk_up_1.png */ = {isa = PBXFileReference; lastKnownFileType = image.png; path = walk_up_1.png; sourceTree = "<group>"; };
		1E31A027191B597300CCA757 /* walk_up_2.png */ = {isa = PBXFileReference; lastKnownFileType = image.png; path = walk_up_2.png; sourceTree = "<group>"; };
		1E31A028191B597300CCA757 /* walk_up_3.png */ = {isa = PBXFileReference; lastKnownFileType = image.png; path = walk_up_3.png; sourceTree = "<group>"; };
		1E31A029191B597300CCA757 /* walk_up_4.png */ = {isa = PBXFileReference; lastKnownFileType = image.png; path = walk_up_4.png; sourceTree = "<group>"; };
		1E31A02A191B597300CCA757 /* walk_up_5.png */ = {isa = PBXFileReference; lastKnownFileType = image.png; path = walk_up_5.png; sourceTree = "<group>"; };
		1E31A02B191B597300CCA757 /* walk_up_6.png */ = {isa = PBXFileReference; lastKnownFileType = image.png; path = walk_up_6.png; sourceTree = "<group>"; };
		1E31A02C191B597300CCA757 /* walk_up_7.png */ = {isa = PBXFileReference; lastKnownFileType = image.png; path = walk_up_7.png; sourceTree = "<group>"; };
		1E31A02D191B597300CCA757 /* walk_up_8.png */ = {isa = PBXFileReference; lastKnownFileType = image.png; path = walk_up_8.png; sourceTree = "<group>"; };
		1E31A02E191B597300CCA757 /* walk_up_9.png */ = {isa = PBXFileReference; lastKnownFileType = image.png; path = walk_up_9.png; sourceTree = "<group>"; };
		1E373D71191C6C0C00476C24 /* FF7.sf2 */ = {isa = PBXFileReference; lastKnownFileType = file; path = FF7.sf2; sourceTree = "<group>"; };
		1E373D74191C6C1700476C24 /* baby.mid */ = {isa = PBXFileReference; lastKnownFileType = audio.midi; path = baby.mid; sourceTree = "<group>"; };
		1E373D77191C6C1F00476C24 /* rainbow.mid */ = {isa = PBXFileReference; lastKnownFileType = audio.midi; path = rainbow.mid; sourceTree = "<group>"; };
		1E373D7A191C6C2E00476C24 /* woman.mid */ = {isa = PBXFileReference; lastKnownFileType = audio.midi; path = woman.mid; sourceTree = "<group>"; };
		1E373D7D191C6C3E00476C24 /* madworld.mid */ = {isa = PBXFileReference; lastKnownFileType = audio.midi; path = madworld.mid; sourceTree = "<group>"; };
		1E373D8A191C748400476C24 /* thegoodb.mid */ = {isa = PBXFileReference; lastKnownFileType = audio.midi; path = thegoodb.mid; sourceTree = "<group>"; };
		1E4AB6ED191A19AE006A2A0E /* MIDIPlayer.h */ = {isa = PBXFileReference; fileEncoding = 4; lastKnownFileType = sourcecode.c.h; path = MIDIPlayer.h; sourceTree = "<group>"; };
		1E4AB6EE191A19AE006A2A0E /* MIDIPlayer.m */ = {isa = PBXFileReference; fileEncoding = 4; lastKnownFileType = sourcecode.c.objc; path = MIDIPlayer.m; sourceTree = "<group>"; };
		1EB7261C191CBDDE00D77F43 /* Billy_Joel_-_Piano_Man.mid */ = {isa = PBXFileReference; lastKnownFileType = audio.midi; path = "Billy_Joel_-_Piano_Man.mid"; sourceTree = "<group>"; };
		1EB7261D191CBDDE00D77F43 /* Billy_Joel_-_River_of_Dreams.mid */ = {isa = PBXFileReference; lastKnownFileType = audio.midi; path = "Billy_Joel_-_River_of_Dreams.mid"; sourceTree = "<group>"; };
		1EB7261E191CBDDE00D77F43 /* Billy_Joel_-_She's_Got_a_Way.mid */ = {isa = PBXFileReference; lastKnownFileType = audio.midi; path = "Billy_Joel_-_She's_Got_a_Way.mid"; sourceTree = "<group>"; };
		1EB7261F191CBDDE00D77F43 /* Billy_Joel_-_Tell_Her_About_It.mid */ = {isa = PBXFileReference; lastKnownFileType = audio.midi; path = "Billy_Joel_-_Tell_Her_About_It.mid"; sourceTree = "<group>"; };
		1EB72620191CBDDE00D77F43 /* Billy_Joel_-_The_Longest_Time.mid */ = {isa = PBXFileReference; lastKnownFileType = audio.midi; path = "Billy_Joel_-_The_Longest_Time.mid"; sourceTree = "<group>"; };
		1EB72621191CBDDE00D77F43 /* Billy_Joel_-_Uptown_Girl.mid */ = {isa = PBXFileReference; lastKnownFileType = audio.midi; path = "Billy_Joel_-_Uptown_Girl.mid"; sourceTree = "<group>"; };
		1EB72622191CBDDE00D77F43 /* david_bowie-space_oddity.mid */ = {isa = PBXFileReference; lastKnownFileType = audio.midi; path = "david_bowie-space_oddity.mid"; sourceTree = "<group>"; };
		1EB72623191CBDDE00D77F43 /* elton_john-candle_in_the_wind.mid */ = {isa = PBXFileReference; lastKnownFileType = audio.midi; path = "elton_john-candle_in_the_wind.mid"; sourceTree = "<group>"; };
		1EB72625191CBDDE00D77F43 /* elton_john-dont_let_the_sun.mid */ = {isa = PBXFileReference; lastKnownFileType = audio.midi; path = "elton_john-dont_let_the_sun.mid"; sourceTree = "<group>"; };
		1EB72634191CBEC000D77F43 /* Elton John - Rocket Man 1.mid */ = {isa = PBXFileReference; lastKnownFileType = audio.midi; path = "Elton John - Rocket Man 1.mid"; sourceTree = "<group>"; };
		1EB72637191CC6B600D77F43 /* landdown.mid */ = {isa = PBXFileReference; lastKnownFileType = audio.midi; path = landdown.mid; sourceTree = "<group>"; };
		1EB7263A191CC7BC00D77F43 /* ordinary.mid */ = {isa = PBXFileReference; lastKnownFileType = audio.midi; path = ordinary.mid; sourceTree = "<group>"; };
		1EB7263D191CC92600D77F43 /* Elton John - Tiny Dancer.mid */ = {isa = PBXFileReference; lastKnownFileType = audio.midi; path = "Elton John - Tiny Dancer.mid"; sourceTree = "<group>"; };
		1EB72640191CCBC200D77F43 /* herecoms.mid */ = {isa = PBXFileReference; lastKnownFileType = audio.midi; path = herecoms.mid; sourceTree = "<group>"; };
		1EB72643191CCC0F00D77F43 /* ticket.mid */ = {isa = PBXFileReference; lastKnownFileType = audio.midi; path = ticket.mid; sourceTree = "<group>"; };
		1EB72646191CCC5200D77F43 /* yestrday.mid */ = {isa = PBXFileReference; lastKnownFileType = audio.midi; path = yestrday.mid; sourceTree = "<group>"; };
		1EB72649191CCC9100D77F43 /* norwood.mid */ = {isa = PBXFileReference; lastKnownFileType = audio.midi; path = norwood.mid; sourceTree = "<group>"; };
		1EB7264C191CCCBF00D77F43 /* inmylife.mid */ = {isa = PBXFileReference; lastKnownFileType = audio.midi; path = inmylife.mid; sourceTree = "<group>"; };
		1EB7264F191CCCF800D77F43 /* eleanorr.mid */ = {isa = PBXFileReference; lastKnownFileType = audio.midi; path = eleanorr.mid; sourceTree = "<group>"; };
		1EB72652191CCD2000D77F43 /* whenim64.mid */ = {isa = PBXFileReference; lastKnownFileType = audio.midi; path = whenim64.mid; sourceTree = "<group>"; };
		1EB72655191CCD4A00D77F43 /* pennyln.mid */ = {isa = PBXFileReference; lastKnownFileType = audio.midi; path = pennyln.mid; sourceTree = "<group>"; };
		1EB72658191CCD8D00D77F43 /* alluneed.mid */ = {isa = PBXFileReference; lastKnownFileType = audio.midi; path = alluneed.mid; sourceTree = "<group>"; };
		1EB7265B191CCDE900D77F43 /* strawbf.mid */ = {isa = PBXFileReference; lastKnownFileType = audio.midi; path = strawbf.mid; sourceTree = "<group>"; };
		1EB7265E191CCE1100D77F43 /* hellogby.mid */ = {isa = PBXFileReference; lastKnownFileType = audio.midi; path = hellogby.mid; sourceTree = "<group>"; };
		1EB72661191CCE3000D77F43 /* obladi.mid */ = {isa = PBXFileReference; lastKnownFileType = audio.midi; path = obladi.mid; sourceTree = "<group>"; };
		1EB72664191CCE6300D77F43 /* whilegtr.mid */ = {isa = PBXFileReference; lastKnownFileType = audio.midi; path = whilegtr.mid; sourceTree = "<group>"; };
		1EB72667191CCE8600D77F43 /* blckbird.mid */ = {isa = PBXFileReference; lastKnownFileType = audio.midi; path = blckbird.mid; sourceTree = "<group>"; };
		1EB7266A191CCEB000D77F43 /* somethng.mid */ = {isa = PBXFileReference; lastKnownFileType = audio.midi; path = somethng.mid; sourceTree = "<group>"; };
		1EB7266D191CCECB00D77F43 /* acrssunv.mid */ = {isa = PBXFileReference; lastKnownFileType = audio.midi; path = acrssunv.mid; sourceTree = "<group>"; };
		1EB72670191CCEE700D77F43 /* letitdb.mid */ = {isa = PBXFileReference; lastKnownFileType = audio.midi; path = letitdb.mid; sourceTree = "<group>"; };
		1EB72673191CCF1D00D77F43 /* lawroad.mid */ = {isa = PBXFileReference; lastKnownFileType = audio.midi; path = lawroad.mid; sourceTree = "<group>"; };
		1EE390EC191C1A0A009C1F93 /* EBRMySceneDelegate.h */ = {isa = PBXFileReference; lastKnownFileType = sourcecode.c.h; path = EBRMySceneDelegate.h; sourceTree = "<group>"; };
		1EE390ED191C1B02009C1F93 /* MIDIPlayerDelegate.h */ = {isa = PBXFileReference; lastKnownFileType = sourcecode.c.h; path = MIDIPlayerDelegate.h; sourceTree = "<group>"; };
/* End PBXFileReference section */

/* Begin PBXFrameworksBuildPhase section */
		1E2DD1E51910B4A3000F196A /* Frameworks */ = {
			isa = PBXFrameworksBuildPhase;
			buildActionMask = 2147483647;
			files = (
				1E2DD1EE1910B4A3000F196A /* CoreGraphics.framework in Frameworks */,
				1E2DD1F01910B4A3000F196A /* UIKit.framework in Frameworks */,
				1E2DD1F21910B4A3000F196A /* SpriteKit.framework in Frameworks */,
				1E2DD1EC1910B4A3000F196A /* Foundation.framework in Frameworks */,
			);
			runOnlyForDeploymentPostprocessing = 0;
		};
		1E2DD20D1910B4A4000F196A /* Frameworks */ = {
			isa = PBXFrameworksBuildPhase;
			buildActionMask = 2147483647;
			files = (
				1E2DD2121910B4A4000F196A /* XCTest.framework in Frameworks */,
				1E2DD2141910B4A4000F196A /* UIKit.framework in Frameworks */,
				1E2DD2131910B4A4000F196A /* Foundation.framework in Frameworks */,
			);
			runOnlyForDeploymentPostprocessing = 0;
		};
/* End PBXFrameworksBuildPhase section */

/* Begin PBXGroup section */
		1E2DD1DF1910B4A3000F196A = {
			isa = PBXGroup;
			children = (
				1E2DD1F31910B4A3000F196A /* EliteBeatRevolution */,
				1E2DD2171910B4A4000F196A /* EliteBeatRevolutionTests */,
				1E2DD1EA1910B4A3000F196A /* Frameworks */,
				1E2DD1E91910B4A3000F196A /* Products */,
			);
			sourceTree = "<group>";
		};
		1E2DD1E91910B4A3000F196A /* Products */ = {
			isa = PBXGroup;
			children = (
				1E2DD1E81910B4A3000F196A /* EliteBeatRevolution.app */,
				1E2DD2101910B4A4000F196A /* EliteBeatRevolutionTests.xctest */,
			);
			name = Products;
			sourceTree = "<group>";
		};
		1E2DD1EA1910B4A3000F196A /* Frameworks */ = {
			isa = PBXGroup;
			children = (
				1E2DD1EB1910B4A3000F196A /* Foundation.framework */,
				1E2DD1ED1910B4A3000F196A /* CoreGraphics.framework */,
				1E2DD1EF1910B4A3000F196A /* UIKit.framework */,
				1E2DD1F11910B4A3000F196A /* SpriteKit.framework */,
				1E2DD2111910B4A4000F196A /* XCTest.framework */,
			);
			name = Frameworks;
			sourceTree = "<group>";
		};
		1E2DD1F31910B4A3000F196A /* EliteBeatRevolution */ = {
			isa = PBXGroup;
			children = (
				1E2DD1FC1910B4A3000F196A /* EBRAppDelegate.h */,
				1E2DD1FD1910B4A4000F196A /* EBRAppDelegate.m */,
				1E2DD1FF1910B4A4000F196A /* Main.storyboard */,
				1E2DD2021910B4A4000F196A /* EBRViewController.h */,
				1E2DD2031910B4A4000F196A /* EBRViewController.m */,
				1EE390EC191C1A0A009C1F93 /* EBRMySceneDelegate.h */,
				1E2DD2051910B4A4000F196A /* EBRMyScene.h */,
				1E2DD2061910B4A4000F196A /* EBRMyScene.m */,
				1E07070D191AE73900AB146D /* EBRSpriteNode.h */,
				1E07070E191AE73900AB146D /* EBRSpriteNode.m */,
				1EE390ED191C1B02009C1F93 /* MIDIPlayerDelegate.h */,
				1E4AB6ED191A19AE006A2A0E /* MIDIPlayer.h */,
				1E4AB6EE191A19AE006A2A0E /* MIDIPlayer.m */,
				1E2DD20A1910B4A4000F196A /* Images.xcassets */,
				1E2DD1F41910B4A3000F196A /* Supporting Files */,
			);
			path = EliteBeatRevolution;
			sourceTree = "<group>";
		};
		1E2DD1F41910B4A3000F196A /* Supporting Files */ = {
			isa = PBXGroup;
			children = (
				1E373D71191C6C0C00476C24 /* FF7.sf2 */,
				1E373D74191C6C1700476C24 /* baby.mid */,
				1E373D77191C6C1F00476C24 /* rainbow.mid */,
				1E373D7A191C6C2E00476C24 /* woman.mid */,
				1E373D7D191C6C3E00476C24 /* madworld.mid */,
				1E373D8A191C748400476C24 /* thegoodb.mid */,
				1EB72637191CC6B600D77F43 /* landdown.mid */,
				1EB7263A191CC7BC00D77F43 /* ordinary.mid */,
				1EB7261C191CBDDE00D77F43 /* Billy_Joel_-_Piano_Man.mid */,
				1EB7261D191CBDDE00D77F43 /* Billy_Joel_-_River_of_Dreams.mid */,
				1EB7261E191CBDDE00D77F43 /* Billy_Joel_-_She's_Got_a_Way.mid */,
				1EB7261F191CBDDE00D77F43 /* Billy_Joel_-_Tell_Her_About_It.mid */,
				1EB72620191CBDDE00D77F43 /* Billy_Joel_-_The_Longest_Time.mid */,
				1EB72621191CBDDE00D77F43 /* Billy_Joel_-_Uptown_Girl.mid */,
				1EB72622191CBDDE00D77F43 /* david_bowie-space_oddity.mid */,
				1EB72623191CBDDE00D77F43 /* elton_john-candle_in_the_wind.mid */,
				1EB72625191CBDDE00D77F43 /* elton_john-dont_let_the_sun.mid */,
				1EB72634191CBEC000D77F43 /* Elton John - Rocket Man 1.mid */,
				1EB7263D191CC92600D77F43 /* Elton John - Tiny Dancer.mid */,
				1EB7264C191CCCBF00D77F43 /* inmylife.mid */,
				1EB72646191CCC5200D77F43 /* yestrday.mid */,
				1EB7264F191CCCF800D77F43 /* eleanorr.mid */,
				1EB72652191CCD2000D77F43 /* whenim64.mid */,
				1EB72655191CCD4A00D77F43 /* pennyln.mid */,
				1EB72643191CCC0F00D77F43 /* ticket.mid */,
				1EB72658191CCD8D00D77F43 /* alluneed.mid */,
				1EB72649191CCC9100D77F43 /* norwood.mid */,
				1EB72640191CCBC200D77F43 /* herecoms.mid */,
				1EB7265B191CCDE900D77F43 /* strawbf.mid */,
				1EB7265E191CCE1100D77F43 /* hellogby.mid */,
				1EB72661191CCE3000D77F43 /* obladi.mid */,
				1EB72664191CCE6300D77F43 /* whilegtr.mid */,
				1EB72667191CCE8600D77F43 /* blckbird.mid */,
				1EB7266A191CCEB000D77F43 /* somethng.mid */,
				1EB7266D191CCECB00D77F43 /* acrssunv.mid */,
				1EB72670191CCEE700D77F43 /* letitdb.mid */,
				1EB72673191CCF1D00D77F43 /* lawroad.mid */,
				1EB72633191CBDE400D77F43 /* New */,
				1E31A025191B597300CCA757 /* walk_up */,
				1E31A012191B596D00CCA757 /* walk_left */,
				1E319FFF191B595D00CCA757 /* walk_down */,
				1E319FEC191B50EF00CCA757 /* walk_right */,
				1E2DD2081910B4A4000F196A /* Spaceship.png */,
				1E2DD2271910B5C2000F196A /* Down (Half).gif */,
				1E2DD2281910B5C2000F196A /* Down Destroyed.png */,
				1E2DD2291910B5C2000F196A /* Down Receptor (Small).png */,
				1E2DD22A1910B5C2000F196A /* Down Receptor.png */,
				1E2DD22B1910B5C2000F196A /* Down.gif */,
				1E2DD22C1910B5C2000F196A /* Left (Half).gif */,
				1E2DD22D1910B5C2000F196A /* Left Destroyed.png */,
				1E2DD22E1910B5C2000F196A /* Left Receptor (Small).png */,
				1E2DD22F1910B5C2000F196A /* Left Receptor.png */,
				1E2DD2301910B5C2000F196A /* Left.gif */,
				1E2DD2311910B5C2000F196A /* Right (Half).gif */,
				1E2DD2321910B5C2000F196A /* Right Destroyed.png */,
				1E2DD2331910B5C2000F196A /* Right Receptor (Small).png */,
				1E2DD2341910B5C2000F196A /* Right Receptor.png */,
				1E2DD2351910B5C2000F196A /* Right.gif */,
				1E2DD2361910B5C2000F196A /* Up (Half).gif */,
				1E2DD2371910B5C2000F196A /* Up Destroyed.png */,
				1E2DD2381910B5C2000F196A /* Up Receptor (Small).png */,
				1E2DD2391910B5C2000F196A /* Up Receptor.png */,
				1E2DD23A1910B5C2000F196A /* Up.gif */,
				1E2DD1F51910B4A3000F196A /* EliteBeatRevolution-Info.plist */,
				1E2DD1F61910B4A3000F196A /* InfoPlist.strings */,
				1E2DD1F91910B4A3000F196A /* main.m */,
				1E2DD1FB1910B4A3000F196A /* EliteBeatRevolution-Prefix.pch */,
			);
			name = "Supporting Files";
			sourceTree = "<group>";
		};
		1E2DD2171910B4A4000F196A /* EliteBeatRevolutionTests */ = {
			isa = PBXGroup;
			children = (
				1E2DD21D1910B4A4000F196A /* EliteBeatRevolutionTests.m */,
				1E2DD2181910B4A4000F196A /* Supporting Files */,
			);
			path = EliteBeatRevolutionTests;
			sourceTree = "<group>";
		};
		1E2DD2181910B4A4000F196A /* Supporting Files */ = {
			isa = PBXGroup;
			children = (
				1E2DD2191910B4A4000F196A /* EliteBeatRevolutionTests-Info.plist */,
				1E2DD21A1910B4A4000F196A /* InfoPlist.strings */,
			);
			name = "Supporting Files";
			sourceTree = "<group>";
		};
		1E319FEC191B50EF00CCA757 /* walk_right */ = {
			isa = PBXGroup;
			children = (
				1E319FED191B50EF00CCA757 /* walk_right_1.png */,
				1E319FEE191B50EF00CCA757 /* walk_right_2.png */,
				1E319FEF191B50EF00CCA757 /* walk_right_3.png */,
				1E319FF0191B50EF00CCA757 /* walk_right_4.png */,
				1E319FF1191B50EF00CCA757 /* walk_right_5.png */,
				1E319FF2191B50EF00CCA757 /* walk_right_6.png */,
				1E319FF3191B50EF00CCA757 /* walk_right_7.png */,
				1E319FF4191B50EF00CCA757 /* walk_right_8.png */,
				1E319FF5191B50EF00CCA757 /* walk_right_9.png */,
			);
			path = walk_right;
			sourceTree = "<group>";
		};
		1E319FFF191B595D00CCA757 /* walk_down */ = {
			isa = PBXGroup;
			children = (
				1E31A000191B595D00CCA757 /* walk_down_1.png */,
				1E31A001191B595D00CCA757 /* walk_down_2.png */,
				1E31A002191B595D00CCA757 /* walk_down_3.png */,
				1E31A003191B595D00CCA757 /* walk_down_4.png */,
				1E31A004191B595D00CCA757 /* walk_down_5.png */,
				1E31A005191B595D00CCA757 /* walk_down_6.png */,
				1E31A006191B595D00CCA757 /* walk_down_7.png */,
				1E31A007191B595D00CCA757 /* walk_down_8.png */,
				1E31A008191B595D00CCA757 /* walk_down_9.png */,
			);
			path = walk_down;
			sourceTree = "<group>";
		};
		1E31A012191B596D00CCA757 /* walk_left */ = {
			isa = PBXGroup;
			children = (
				1E31A013191B596D00CCA757 /* walk_left_1.png */,
				1E31A014191B596D00CCA757 /* walk_left_2.png */,
				1E31A015191B596D00CCA757 /* walk_left_3.png */,
				1E31A016191B596D00CCA757 /* walk_left_4.png */,
				1E31A017191B596D00CCA757 /* walk_left_5.png */,
				1E31A018191B596D00CCA757 /* walk_left_6.png */,
				1E31A019191B596D00CCA757 /* walk_left_7.png */,
				1E31A01A191B596D00CCA757 /* walk_left_8.png */,
				1E31A01B191B596D00CCA757 /* walk_left_9.png */,
			);
			path = walk_left;
			sourceTree = "<group>";
		};
		1E31A025191B597300CCA757 /* walk_up */ = {
			isa = PBXGroup;
			children = (
				1E31A026191B597300CCA757 /* walk_up_1.png */,
				1E31A027191B597300CCA757 /* walk_up_2.png */,
				1E31A028191B597300CCA757 /* walk_up_3.png */,
				1E31A029191B597300CCA757 /* walk_up_4.png */,
				1E31A02A191B597300CCA757 /* walk_up_5.png */,
				1E31A02B191B597300CCA757 /* walk_up_6.png */,
				1E31A02C191B597300CCA757 /* walk_up_7.png */,
				1E31A02D191B597300CCA757 /* walk_up_8.png */,
				1E31A02E191B597300CCA757 /* walk_up_9.png */,
			);
			path = walk_up;
			sourceTree = "<group>";
		};
		1EB72633191CBDE400D77F43 /* New */ = {
			isa = PBXGroup;
			children = (
			);
			name = New;
			sourceTree = "<group>";
		};
/* End PBXGroup section */

/* Begin PBXNativeTarget section */
		1E2DD1E71910B4A3000F196A /* EliteBeatRevolution */ = {
			isa = PBXNativeTarget;
			buildConfigurationList = 1E2DD2211910B4A4000F196A /* Build configuration list for PBXNativeTarget "EliteBeatRevolution" */;
			buildPhases = (
				1E2DD1E41910B4A3000F196A /* Sources */,
				1E2DD1E51910B4A3000F196A /* Frameworks */,
				1E2DD1E61910B4A3000F196A /* Resources */,
			);
			buildRules = (
			);
			dependencies = (
			);
			name = EliteBeatRevolution;
			productName = EliteBeatRevolution;
			productReference = 1E2DD1E81910B4A3000F196A /* EliteBeatRevolution.app */;
			productType = "com.apple.product-type.application";
		};
		1E2DD20F1910B4A4000F196A /* EliteBeatRevolutionTests */ = {
			isa = PBXNativeTarget;
			buildConfigurationList = 1E2DD2241910B4A4000F196A /* Build configuration list for PBXNativeTarget "EliteBeatRevolutionTests" */;
			buildPhases = (
				1E2DD20C1910B4A4000F196A /* Sources */,
				1E2DD20D1910B4A4000F196A /* Frameworks */,
				1E2DD20E1910B4A4000F196A /* Resources */,
			);
			buildRules = (
			);
			dependencies = (
				1E2DD2161910B4A4000F196A /* PBXTargetDependency */,
			);
			name = EliteBeatRevolutionTests;
			productName = EliteBeatRevolutionTests;
			productReference = 1E2DD2101910B4A4000F196A /* EliteBeatRevolutionTests.xctest */;
			productType = "com.apple.product-type.bundle.unit-test";
		};
/* End PBXNativeTarget section */

/* Begin PBXProject section */
		1E2DD1E01910B4A3000F196A /* Project object */ = {
			isa = PBXProject;
			attributes = {
				CLASSPREFIX = EBR;
				LastUpgradeCheck = 0510;
				ORGANIZATIONNAME = "Raymond Louie";
				TargetAttributes = {
					1E2DD1E71910B4A3000F196A = {
						SystemCapabilities = {
							com.apple.BackgroundModes = {
								enabled = 1;
							};
						};
					};
					1E2DD20F1910B4A4000F196A = {
						TestTargetID = 1E2DD1E71910B4A3000F196A;
					};
				};
			};
			buildConfigurationList = 1E2DD1E31910B4A3000F196A /* Build configuration list for PBXProject "EliteBeatRevolution" */;
			compatibilityVersion = "Xcode 3.2";
			developmentRegion = English;
			hasScannedForEncodings = 0;
			knownRegions = (
				en,
				Base,
			);
			mainGroup = 1E2DD1DF1910B4A3000F196A;
			productRefGroup = 1E2DD1E91910B4A3000F196A /* Products */;
			projectDirPath = "";
			projectRoot = "";
			targets = (
				1E2DD1E71910B4A3000F196A /* EliteBeatRevolution */,
				1E2DD20F1910B4A4000F196A /* EliteBeatRevolutionTests */,
			);
		};
/* End PBXProject section */

/* Begin PBXResourcesBuildPhase section */
		1E2DD1E61910B4A3000F196A /* Resources */ = {
			isa = PBXResourcesBuildPhase;
			buildActionMask = 2147483647;
			files = (
				1EB72650191CCCF800D77F43 /* eleanorr.mid in Resources */,
				1E2DD2471910B5C2000F196A /* Right Receptor (Small).png in Resources */,
				1E31A010191B595D00CCA757 /* walk_down_8.png in Resources */,
				1E2DD2401910B5C2000F196A /* Left (Half).gif in Resources */,
				1E2DD2421910B5C2000F196A /* Left Receptor (Small).png in Resources */,
				1EB72641191CCBC200D77F43 /* herecoms.mid in Resources */,
				1E319FFA191B50EF00CCA757 /* walk_right_5.png in Resources */,
				1E319FFB191B50EF00CCA757 /* walk_right_6.png in Resources */,
				1E373D7E191C6C3E00476C24 /* madworld.mid in Resources */,
				1EB7266E191CCECB00D77F43 /* acrssunv.mid in Resources */,
				1E2DD23E1910B5C2000F196A /* Down Receptor.png in Resources */,
				1E31A033191B597300CCA757 /* walk_up_5.png in Resources */,
				1EB7263B191CC7BC00D77F43 /* ordinary.mid in Resources */,
				1E2DD1F81910B4A3000F196A /* InfoPlist.strings in Resources */,
				1E31A011191B595D00CCA757 /* walk_down_9.png in Resources */,
				1E2DD23B1910B5C2000F196A /* Down (Half).gif in Resources */,
				1EB7264A191CCC9100D77F43 /* norwood.mid in Resources */,
				1E2DD20B1910B4A4000F196A /* Images.xcassets in Resources */,
				1EB7265C191CCDE900D77F43 /* strawbf.mid in Resources */,
				1E31A034191B597300CCA757 /* walk_up_6.png in Resources */,
				1E2DD2451910B5C2000F196A /* Right (Half).gif in Resources */,
				1E319FF6191B50EF00CCA757 /* walk_right_1.png in Resources */,
				1E31A00A191B595D00CCA757 /* walk_down_2.png in Resources */,
				1EB7263E191CC92600D77F43 /* Elton John - Tiny Dancer.mid in Resources */,
				1EB7264D191CCCC000D77F43 /* inmylife.mid in Resources */,
				1EB72647191CCC5200D77F43 /* yestrday.mid in Resources */,
				1E31A01F191B596D00CCA757 /* walk_left_4.png in Resources */,
				1EB72638191CC6B600D77F43 /* landdown.mid in Resources */,
				1E2DD2461910B5C2000F196A /* Right Destroyed.png in Resources */,
				1E31A00C191B595D00CCA757 /* walk_down_4.png in Resources */,
				1E373D7B191C6C2E00476C24 /* woman.mid in Resources */,
				1EB72628191CBDDE00D77F43 /* Billy_Joel_-_Piano_Man.mid in Resources */,
				1E31A032191B597300CCA757 /* walk_up_4.png in Resources */,
				1E319FF8191B50EF00CCA757 /* walk_right_3.png in Resources */,
				1E2DD2431910B5C2000F196A /* Left Receptor.png in Resources */,
				1E2DD24B1910B5C2000F196A /* Up Destroyed.png in Resources */,
				1E319FFE191B50EF00CCA757 /* walk_right_9.png in Resources */,
				1EB72668191CCE8600D77F43 /* blckbird.mid in Resources */,
				1EB7262F191CBDDE00D77F43 /* elton_john-candle_in_the_wind.mid in Resources */,
				1E31A023191B596D00CCA757 /* walk_left_8.png in Resources */,
				1E319FFD191B50EF00CCA757 /* walk_right_8.png in Resources */,
				1EB72656191CCD4A00D77F43 /* pennyln.mid in Resources */,
				1E31A00F191B595D00CCA757 /* walk_down_7.png in Resources */,
				1E2DD2441910B5C2000F196A /* Left.gif in Resources */,
				1E31A020191B596D00CCA757 /* walk_left_5.png in Resources */,
				1E2DD2091910B4A4000F196A /* Spaceship.png in Resources */,
				1E2DD23F1910B5C2000F196A /* Down.gif in Resources */,
				1EB7262E191CBDDE00D77F43 /* david_bowie-space_oddity.mid in Resources */,
				1E31A00E191B595D00CCA757 /* walk_down_6.png in Resources */,
				1EB72629191CBDDE00D77F43 /* Billy_Joel_-_River_of_Dreams.mid in Resources */,
				1E373D95191C748400476C24 /* thegoodb.mid in Resources */,
				1EB72644191CCC0F00D77F43 /* ticket.mid in Resources */,
				1E31A01E191B596D00CCA757 /* walk_left_3.png in Resources */,
				1E31A00B191B595D00CCA757 /* walk_down_3.png in Resources */,
				1EB72662191CCE3000D77F43 /* obladi.mid in Resources */,
				1E319FF7191B50EF00CCA757 /* walk_right_2.png in Resources */,
				1E2DD2481910B5C2000F196A /* Right Receptor.png in Resources */,
				1E2DD24E1910B5C2000F196A /* Up.gif in Resources */,
				1E31A030191B597300CCA757 /* walk_up_2.png in Resources */,
				1EB72653191CCD2000D77F43 /* whenim64.mid in Resources */,
				1E2DD24C1910B5C2000F196A /* Up Receptor (Small).png in Resources */,
				1E31A031191B597300CCA757 /* walk_up_3.png in Resources */,
				1E31A00D191B595D00CCA757 /* walk_down_5.png in Resources */,
				1E31A036191B597300CCA757 /* walk_up_8.png in Resources */,
				1EB72659191CCD8D00D77F43 /* alluneed.mid in Resources */,
				1E2DD24A1910B5C2000F196A /* Up (Half).gif in Resources */,
				1EB72631191CBDDE00D77F43 /* elton_john-dont_let_the_sun.mid in Resources */,
				1E373D72191C6C0C00476C24 /* FF7.sf2 in Resources */,
				1EB7262B191CBDDE00D77F43 /* Billy_Joel_-_Tell_Her_About_It.mid in Resources */,
				1E2DD23C1910B5C2000F196A /* Down Destroyed.png in Resources */,
				1E31A01C191B596D00CCA757 /* walk_left_1.png in Resources */,
				1E31A035191B597300CCA757 /* walk_up_7.png in Resources */,
				1EB72665191CCE6300D77F43 /* whilegtr.mid in Resources */,
				1E31A01D191B596D00CCA757 /* walk_left_2.png in Resources */,
				1E31A021191B596D00CCA757 /* walk_left_6.png in Resources */,
				1E2DD2491910B5C2000F196A /* Right.gif in Resources */,
				1EB72674191CCF1D00D77F43 /* lawroad.mid in Resources */,
				1E373D75191C6C1700476C24 /* baby.mid in Resources */,
				1EB7262A191CBDDE00D77F43 /* Billy_Joel_-_She's_Got_a_Way.mid in Resources */,
				1EB7266B191CCEB000D77F43 /* somethng.mid in Resources */,
				1EB7262D191CBDDE00D77F43 /* Billy_Joel_-_Uptown_Girl.mid in Resources */,
				1E31A024191B596D00CCA757 /* walk_left_9.png in Resources */,
				1E319FFC191B50EF00CCA757 /* walk_right_7.png in Resources */,
				1EB72635191CBEC000D77F43 /* Elton John - Rocket Man 1.mid in Resources */,
				1EB7265F191CCE1100D77F43 /* hellogby.mid in Resources */,
				1E2DD23D1910B5C2000F196A /* Down Receptor (Small).png in Resources */,
				1E31A037191B597300CCA757 /* walk_up_9.png in Resources */,
				1E373D78191C6C1F00476C24 /* rainbow.mid in Resources */,
				1EB7262C191CBDDE00D77F43 /* Billy_Joel_-_The_Longest_Time.mid in Resources */,
				1E2DD2411910B5C2000F196A /* Left Destroyed.png in Resources */,
				1E319FF9191B50EF00CCA757 /* walk_right_4.png in Resources */,
				1EB72671191CCEE700D77F43 /* letitdb.mid in Resources */,
				1E31A009191B595D00CCA757 /* walk_down_1.png in Resources */,
				1E31A022191B596D00CCA757 /* walk_left_7.png in Resources */,
				1E31A02F191B597300CCA757 /* walk_up_1.png in Resources */,
				1E2DD2011910B4A4000F196A /* Main.storyboard in Resources */,
				1E2DD24D1910B5C2000F196A /* Up Receptor.png in Resources */,
			);
			runOnlyForDeploymentPostprocessing = 0;
		};
		1E2DD20E1910B4A4000F196A /* Resources */ = {
			isa = PBXResourcesBuildPhase;
			buildActionMask = 2147483647;
			files = (
				1E373D96191C748400476C24 /* thegoodb.mid in Resources */,
				1EB7263C191CC7BC00D77F43 /* ordinary.mid in Resources */,
				1EB72642191CCBC200D77F43 /* herecoms.mid in Resources */,
				1E373D76191C6C1700476C24 /* baby.mid in Resources */,
				1EB7263F191CC92600D77F43 /* Elton John - Tiny Dancer.mid in Resources */,
				1EB72663191CCE3000D77F43 /* obladi.mid in Resources */,
				1EB7264E191CCCC000D77F43 /* inmylife.mid in Resources */,
				1EB7265D191CCDE900D77F43 /* strawbf.mid in Resources */,
				1EB7265A191CCD8D00D77F43 /* alluneed.mid in Resources */,
				1EB72654191CCD2000D77F43 /* whenim64.mid in Resources */,
				1EB72669191CCE8600D77F43 /* blckbird.mid in Resources */,
				1EB72639191CC6B600D77F43 /* landdown.mid in Resources */,
				1EB72675191CCF1D00D77F43 /* lawroad.mid in Resources */,
				1EB72660191CCE1100D77F43 /* hellogby.mid in Resources */,
				1EB72651191CCCF800D77F43 /* eleanorr.mid in Resources */,
				1E373D7C191C6C2E00476C24 /* woman.mid in Resources */,
				1EB72666191CCE6300D77F43 /* whilegtr.mid in Resources */,
				1EB72645191CCC0F00D77F43 /* ticket.mid in Resources */,
				1E373D7F191C6C3E00476C24 /* madworld.mid in Resources */,
				1E373D79191C6C1F00476C24 /* rainbow.mid in Resources */,
				1EB7264B191CCC9100D77F43 /* norwood.mid in Resources */,
				1EB7266F191CCECB00D77F43 /* acrssunv.mid in Resources */,
				1EB72657191CCD4A00D77F43 /* pennyln.mid in Resources */,
				1EB72648191CCC5200D77F43 /* yestrday.mid in Resources */,
				1E2DD21C1910B4A4000F196A /* InfoPlist.strings in Resources */,
				1E373D73191C6C0C00476C24 /* FF7.sf2 in Resources */,
				1EB7266C191CCEB000D77F43 /* somethng.mid in Resources */,
				1EB72636191CBEC000D77F43 /* Elton John - Rocket Man 1.mid in Resources */,
				1EB72672191CCEE700D77F43 /* letitdb.mid in Resources */,
			);
			runOnlyForDeploymentPostprocessing = 0;
		};
/* End PBXResourcesBuildPhase section */

/* Begin PBXSourcesBuildPhase section */
		1E2DD1E41910B4A3000F196A /* Sources */ = {
			isa = PBXSourcesBuildPhase;
			buildActionMask = 2147483647;
			files = (
				1E2DD2071910B4A4000F196A /* EBRMyScene.m in Sources */,
				1E07070F191AE73900AB146D /* EBRSpriteNode.m in Sources */,
				1E2DD1FE1910B4A4000F196A /* EBRAppDelegate.m in Sources */,
				1E2DD2041910B4A4000F196A /* EBRViewController.m in Sources */,
				1E2DD1FA1910B4A3000F196A /* main.m in Sources */,
				1E4AB6EF191A19AE006A2A0E /* MIDIPlayer.m in Sources */,
			);
			runOnlyForDeploymentPostprocessing = 0;
		};
		1E2DD20C1910B4A4000F196A /* Sources */ = {
			isa = PBXSourcesBuildPhase;
			buildActionMask = 2147483647;
			files = (
				1E2DD21E1910B4A4000F196A /* EliteBeatRevolutionTests.m in Sources */,
			);
			runOnlyForDeploymentPostprocessing = 0;
		};
/* End PBXSourcesBuildPhase section */

/* Begin PBXTargetDependency section */
		1E2DD2161910B4A4000F196A /* PBXTargetDependency */ = {
			isa = PBXTargetDependency;
			target = 1E2DD1E71910B4A3000F196A /* EliteBeatRevolution */;
			targetProxy = 1E2DD2151910B4A4000F196A /* PBXContainerItemProxy */;
		};
/* End PBXTargetDependency section */

/* Begin PBXVariantGroup section */
		1E2DD1F61910B4A3000F196A /* InfoPlist.strings */ = {
			isa = PBXVariantGroup;
			children = (
				1E2DD1F71910B4A3000F196A /* en */,
			);
			name = InfoPlist.strings;
			sourceTree = "<group>";
		};
		1E2DD1FF1910B4A4000F196A /* Main.storyboard */ = {
			isa = PBXVariantGroup;
			children = (
				1E2DD2001910B4A4000F196A /* Base */,
			);
			name = Main.storyboard;
			sourceTree = "<group>";
		};
		1E2DD21A1910B4A4000F196A /* InfoPlist.strings */ = {
			isa = PBXVariantGroup;
			children = (
				1E2DD21B1910B4A4000F196A /* en */,
			);
			name = InfoPlist.strings;
			sourceTree = "<group>";
		};
/* End PBXVariantGroup section */

/* Begin XCBuildConfiguration section */
		1E2DD21F1910B4A4000F196A /* Debug */ = {
			isa = XCBuildConfiguration;
			buildSettings = {
				ALWAYS_SEARCH_USER_PATHS = NO;
				CLANG_CXX_LANGUAGE_STANDARD = "gnu++0x";
				CLANG_CXX_LIBRARY = "libc++";
				CLANG_ENABLE_MODULES = YES;
				CLANG_ENABLE_OBJC_ARC = YES;
				CLANG_WARN_BOOL_CONVERSION = YES;
				CLANG_WARN_CONSTANT_CONVERSION = YES;
				CLANG_WARN_DIRECT_OBJC_ISA_USAGE = YES_ERROR;
				CLANG_WARN_EMPTY_BODY = YES;
				CLANG_WARN_ENUM_CONVERSION = YES;
				CLANG_WARN_INT_CONVERSION = YES;
				CLANG_WARN_OBJC_ROOT_CLASS = YES_ERROR;
				CLANG_WARN__DUPLICATE_METHOD_MATCH = YES;
				"CODE_SIGN_IDENTITY[sdk=iphoneos*]" = "iPhone Developer";
				COPY_PHASE_STRIP = NO;
				GCC_C_LANGUAGE_STANDARD = gnu99;
				GCC_DYNAMIC_NO_PIC = NO;
				GCC_OPTIMIZATION_LEVEL = 0;
				GCC_PREPROCESSOR_DEFINITIONS = (
					"DEBUG=1",
					"$(inherited)",
				);
				GCC_SYMBOLS_PRIVATE_EXTERN = NO;
				GCC_WARN_64_TO_32_BIT_CONVERSION = YES;
				GCC_WARN_ABOUT_RETURN_TYPE = YES_ERROR;
				GCC_WARN_UNDECLARED_SELECTOR = YES;
				GCC_WARN_UNINITIALIZED_AUTOS = YES_AGGRESSIVE;
				GCC_WARN_UNUSED_FUNCTION = YES;
				GCC_WARN_UNUSED_VARIABLE = YES;
				IPHONEOS_DEPLOYMENT_TARGET = 7.1;
				ONLY_ACTIVE_ARCH = YES;
				SDKROOT = iphoneos;
				TARGETED_DEVICE_FAMILY = 2;
			};
			name = Debug;
		};
		1E2DD2201910B4A4000F196A /* Release */ = {
			isa = XCBuildConfiguration;
			buildSettings = {
				ALWAYS_SEARCH_USER_PATHS = NO;
				CLANG_CXX_LANGUAGE_STANDARD = "gnu++0x";
				CLANG_CXX_LIBRARY = "libc++";
				CLANG_ENABLE_MODULES = YES;
				CLANG_ENABLE_OBJC_ARC = YES;
				CLANG_WARN_BOOL_CONVERSION = YES;
				CLANG_WARN_CONSTANT_CONVERSION = YES;
				CLANG_WARN_DIRECT_OBJC_ISA_USAGE = YES_ERROR;
				CLANG_WARN_EMPTY_BODY = YES;
				CLANG_WARN_ENUM_CONVERSION = YES;
				CLANG_WARN_INT_CONVERSION = YES;
				CLANG_WARN_OBJC_ROOT_CLASS = YES_ERROR;
				CLANG_WARN__DUPLICATE_METHOD_MATCH = YES;
				"CODE_SIGN_IDENTITY[sdk=iphoneos*]" = "iPhone Developer";
				COPY_PHASE_STRIP = YES;
				ENABLE_NS_ASSERTIONS = NO;
				GCC_C_LANGUAGE_STANDARD = gnu99;
				GCC_WARN_64_TO_32_BIT_CONVERSION = YES;
				GCC_WARN_ABOUT_RETURN_TYPE = YES_ERROR;
				GCC_WARN_UNDECLARED_SELECTOR = YES;
				GCC_WARN_UNINITIALIZED_AUTOS = YES_AGGRESSIVE;
				GCC_WARN_UNUSED_FUNCTION = YES;
				GCC_WARN_UNUSED_VARIABLE = YES;
				IPHONEOS_DEPLOYMENT_TARGET = 7.1;
				SDKROOT = iphoneos;
				TARGETED_DEVICE_FAMILY = 2;
				VALIDATE_PRODUCT = YES;
			};
			name = Release;
		};
		1E2DD2221910B4A4000F196A /* Debug */ = {
			isa = XCBuildConfiguration;
			buildSettings = {
				ASSETCATALOG_COMPILER_APPICON_NAME = AppIcon;
				ASSETCATALOG_COMPILER_LAUNCHIMAGE_NAME = LaunchImage;
				GCC_PRECOMPILE_PREFIX_HEADER = YES;
				GCC_PREFIX_HEADER = "EliteBeatRevolution/EliteBeatRevolution-Prefix.pch";
				INFOPLIST_FILE = "EliteBeatRevolution/EliteBeatRevolution-Info.plist";
				PRODUCT_NAME = "$(TARGET_NAME)";
				SPRITEKIT_TEXTURE_ATLAS_OUTPUT = YES;
				TARGETED_DEVICE_FAMILY = 2;
				WRAPPER_EXTENSION = app;
			};
			name = Debug;
		};
		1E2DD2231910B4A4000F196A /* Release */ = {
			isa = XCBuildConfiguration;
			buildSettings = {
				ASSETCATALOG_COMPILER_APPICON_NAME = AppIcon;
				ASSETCATALOG_COMPILER_LAUNCHIMAGE_NAME = LaunchImage;
				GCC_PRECOMPILE_PREFIX_HEADER = YES;
				GCC_PREFIX_HEADER = "EliteBeatRevolution/EliteBeatRevolution-Prefix.pch";
				INFOPLIST_FILE = "EliteBeatRevolution/EliteBeatRevolution-Info.plist";
				PRODUCT_NAME = "$(TARGET_NAME)";
				SPRITEKIT_TEXTURE_ATLAS_OUTPUT = YES;
				TARGETED_DEVICE_FAMILY = 2;
				WRAPPER_EXTENSION = app;
			};
			name = Release;
		};
		1E2DD2251910B4A4000F196A /* Debug */ = {
			isa = XCBuildConfiguration;
			buildSettings = {
				BUNDLE_LOADER = "$(BUILT_PRODUCTS_DIR)/EliteBeatRevolution.app/EliteBeatRevolution";
				FRAMEWORK_SEARCH_PATHS = (
					"$(SDKROOT)/Developer/Library/Frameworks",
					"$(inherited)",
					"$(DEVELOPER_FRAMEWORKS_DIR)",
				);
				GCC_PRECOMPILE_PREFIX_HEADER = YES;
				GCC_PREFIX_HEADER = "EliteBeatRevolution/EliteBeatRevolution-Prefix.pch";
				GCC_PREPROCESSOR_DEFINITIONS = (
					"DEBUG=1",
					"$(inherited)",
				);
				INFOPLIST_FILE = "EliteBeatRevolutionTests/EliteBeatRevolutionTests-Info.plist";
				PRODUCT_NAME = "$(TARGET_NAME)";
				TEST_HOST = "$(BUNDLE_LOADER)";
				WRAPPER_EXTENSION = xctest;
			};
			name = Debug;
		};
		1E2DD2261910B4A4000F196A /* Release */ = {
			isa = XCBuildConfiguration;
			buildSettings = {
				BUNDLE_LOADER = "$(BUILT_PRODUCTS_DIR)/EliteBeatRevolution.app/EliteBeatRevolution";
				FRAMEWORK_SEARCH_PATHS = (
					"$(SDKROOT)/Developer/Library/Frameworks",
					"$(inherited)",
					"$(DEVELOPER_FRAMEWORKS_DIR)",
				);
				GCC_PRECOMPILE_PREFIX_HEADER = YES;
				GCC_PREFIX_HEADER = "EliteBeatRevolution/EliteBeatRevolution-Prefix.pch";
				INFOPLIST_FILE = "EliteBeatRevolutionTests/EliteBeatRevolutionTests-Info.plist";
				PRODUCT_NAME = "$(TARGET_NAME)";
				TEST_HOST = "$(BUNDLE_LOADER)";
				WRAPPER_EXTENSION = xctest;
			};
			name = Release;
		};
/* End XCBuildConfiguration section */

/* Begin XCConfigurationList section */
		1E2DD1E31910B4A3000F196A /* Build configuration list for PBXProject "EliteBeatRevolution" */ = {
			isa = XCConfigurationList;
			buildConfigurations = (
				1E2DD21F1910B4A4000F196A /* Debug */,
				1E2DD2201910B4A4000F196A /* Release */,
			);
			defaultConfigurationIsVisible = 0;
			defaultConfigurationName = Release;
		};
		1E2DD2211910B4A4000F196A /* Build configuration list for PBXNativeTarget "EliteBeatRevolution" */ = {
			isa = XCConfigurationList;
			buildConfigurations = (
				1E2DD2221910B4A4000F196A /* Debug */,
				1E2DD2231910B4A4000F196A /* Release */,
			);
			defaultConfigurationIsVisible = 0;
			defaultConfigurationName = Release;
		};
		1E2DD2241910B4A4000F196A /* Build configuration list for PBXNativeTarget "EliteBeatRevolutionTests" */ = {
			isa = XCConfigurationList;
			buildConfigurations = (
				1E2DD2251910B4A4000F196A /* Debug */,
				1E2DD2261910B4A4000F196A /* Release */,
			);
			defaultConfigurationIsVisible = 0;
			defaultConfigurationName = Release;
		};
/* End XCConfigurationList section */
	};
	rootObject = 1E2DD1E01910B4A3000F196A /* Project object */;
}
